{
  "version": 4,
  "terraform_version": "1.3.7",
  "serial": 776,
  "lineage": "a06cd467-716b-b8b0-2367-a5132fb35ffd",
  "outputs": {
    "endpoint": {
      "value": "https://3D771F5FAE3D49901610C11A044E213C.gr7.ap-northeast-2.eks.amazonaws.com",
      "type": "string"
    },
    "instance_ip_addr": {
      "value": "3.36.67.68",
      "type": "string"
    },
    "kubeconfig-certificate-authority-data": {
      "value": "LS0tLS1CRUdJTiBDRVJUSUZJQ0FURS0tLS0tCk1JSUMvakNDQWVhZ0F3SUJBZ0lCQURBTkJna3Foa2lHOXcwQkFRc0ZBREFWTVJNd0VRWURWUVFERXdwcmRXSmwKY201bGRHVnpNQjRYRFRJek1ERXlOVEF4TlRjek1sb1hEVE16TURFeU1qQXhOVGN6TWxvd0ZURVRNQkVHQTFVRQpBeE1LYTNWaVpYSnVaWFJsY3pDQ0FTSXdEUVlKS29aSWh2Y05BUUVCQlFBRGdnRVBBRENDQVFvQ2dnRUJBTktvCk1EUWRwdXBWRXZ6WUlZWm1NQnlaRzJoSHBvTlpPczBxM0kzMVZrRTl6Vk42YlZiZkZ2QnRyaTV6TmNLaW9BU3QKTjJ3RmhxVGRFdXpPTlFhNEFNN1JzZ0lsWHZBcGF6RGphUzBCaDZZalp5ak9LaTFYeW1rL2I1c0JVdytOMzJqNApyUnZVenBLQmVhTnBtdzFsbm1MeU5reGxEQmtQdnpXMXpQeFM0eVAyZXhTT0tpNXZQTWNKTWdKU0JNU05PZGJMCk9kK2hUVXJJalJJYStsZURDdVVNOGNFNXd6cHNSYTY5Q2VJQ0VVZjFrYWtsWkY0Vk9xVXFEVVZCSlpONEpSam0KZkJzUzBqNmVsRFkxWWd6MlRSNGhLOXNFRmpRUHBZRGgyMTZNOGZROHFHSHJ6cmR3c0l3T0RLNVRUcmkzVm5TTApBRWludzI2a0FSbHJteW90ZTJzQ0F3RUFBYU5aTUZjd0RnWURWUjBQQVFIL0JBUURBZ0trTUE4R0ExVWRFd0VCCi93UUZNQU1CQWY4d0hRWURWUjBPQkJZRUZKajlhN2pSOEJJRmU0Mkw5T3Z2ZVN6ZFdZcDRNQlVHQTFVZEVRUU8KTUF5Q0NtdDFZbVZ5Ym1WMFpYTXdEUVlKS29aSWh2Y05BUUVMQlFBRGdnRUJBQnlFcHhpSUs0Ryswb0xMRlVwRQo4Tld4SU9jM0JoOVdleW9xcnc0TDZaSlZLRVIxdE9uc0pUNDZIbXVkT2tmTWN5US93ZkFpQWxRN2pIN2sxRFpWCkNYRjVwVGpNV2RLZ3VqMzd5ZGZMMVFzOTk1QTFYUmtoUXlUNHNXajJIcnFxb2lHdUxwUm00RmsvTDA4ejAxaVgKaXJEQ2VqWFN2cEdTTnVzVi8zd0VsbEQ2bVpGNlNRbC9FOHdmd3FtS3U2UC8zNFZpai9NcW83NkZaa25OUjJZMgowdnIyTFkrQXFIamU1bXJ0aDh2UTcyMEZBVnJkTkNsUTQxcFk2Q3VNZi9raWpvZTR5OHNqR1ZyTkhKeUJHa1VsCmcrdnNJNkpGZFI5N0s3MzhZUVk5WjRycjVzcWJwd3MzQ0V0bzlNWGNYLzJlWDkyUzhnNyt5ell0UU41Wml6VGYKU2RVPQotLS0tLUVORCBDRVJUSUZJQ0FURS0tLS0tCg==",
      "type": "string"
    }
  },
  "resources": [
    {
      "mode": "data",
      "type": "aws_caller_identity",
      "name": "current",
      "provider": "provider[\"registry.terraform.io/hashicorp/aws\"]",
      "instances": [
        {
          "schema_version": 0,
          "attributes": {
            "account_id": "494307375889",
            "arn": "arn:aws:iam::494307375889:user/ad",
            "id": "494307375889",
            "user_id": "AIDAXGFYD7MIYZYH2OMTL"
          },
          "sensitive_attributes": []
        }
      ]
    },
    {
      "mode": "data",
      "type": "aws_iam_policy_document",
      "name": "tst-eks_assume_role_policy",
      "provider": "provider[\"registry.terraform.io/hashicorp/aws\"]",
      "instances": [
        {
          "schema_version": 0,
          "attributes": {
            "id": "511420579",
            "json": "{\n  \"Version\": \"2012-10-17\",\n  \"Statement\": [\n    {\n      \"Sid\": \"\",\n      \"Effect\": \"Allow\",\n      \"Action\": \"sts:AssumeRoleWithWebIdentity\",\n      \"Principal\": {\n        \"Federated\": \"arn:aws:iam::494307375889:oidc-provider/oidc.eks.ap-northeast-2.amazonaws.com/id/3D771F5FAE3D49901610C11A044E213C\"\n      },\n      \"Condition\": {\n        \"StringEquals\": {\n          \"oidc.eks.ap-northeast-2.amazonaws.com/id/3D771F5FAE3D49901610C11A044E213C:sub\": \"system:serviceaccount:kube-system:aws-node\"\n        }\n      }\n    }\n  ]\n}",
            "override_json": null,
            "override_policy_documents": null,
            "policy_id": null,
            "source_json": null,
            "source_policy_documents": null,
            "statement": [
              {
                "actions": [
                  "sts:AssumeRoleWithWebIdentity"
                ],
                "condition": [
                  {
                    "test": "StringEquals",
                    "values": [
                      "system:serviceaccount:kube-system:aws-node"
                    ],
                    "variable": "oidc.eks.ap-northeast-2.amazonaws.com/id/3D771F5FAE3D49901610C11A044E213C:sub"
                  }
                ],
                "effect": "Allow",
                "not_actions": [],
                "not_principals": [],
                "not_resources": [],
                "principals": [
                  {
                    "identifiers": [
                      "arn:aws:iam::494307375889:oidc-provider/oidc.eks.ap-northeast-2.amazonaws.com/id/3D771F5FAE3D49901610C11A044E213C"
                    ],
                    "type": "Federated"
                  }
                ],
                "resources": [],
                "sid": ""
              }
            ],
            "version": "2012-10-17"
          },
          "sensitive_attributes": []
        }
      ]
    },
    {
      "mode": "data",
      "type": "http",
      "name": "myip",
      "provider": "provider[\"registry.terraform.io/hashicorp/http\"]",
      "instances": [
        {
          "schema_version": 0,
          "attributes": {
            "body": "210.179.21.212\n",
            "ca_cert_pem": null,
            "id": "http://ipv4.icanhazip.com",
            "insecure": null,
            "method": null,
            "request_body": null,
            "request_headers": {
              "Accept": "application/json"
            },
            "response_body": "210.179.21.212\n",
            "response_headers": {
              "Access-Control-Allow-Methods": "GET",
              "Access-Control-Allow-Origin": "*",
              "Alt-Svc": "h3=\":443\"; ma=86400, h3-29=\":443\"; ma=86400",
              "Cf-Ray": "78ed9a629ba4edf9-ICN",
              "Connection": "keep-alive",
              "Content-Length": "15",
              "Content-Type": "text/plain",
              "Date": "Wed, 25 Jan 2023 02:33:15 GMT",
              "Server": "cloudflare",
              "Set-Cookie": "__cf_bm=MMEwTCEp.KyV44TU3YbDs4Sfpxgp71KqxmaoeqR8Y0s-1674613995-0-ARopgLzmSMJv2fMZckHK1BwAI5yhJwHmX/LFgPNPVbOhx7tJMFXHko+/EPHN2i0f9UzgHaVhx1D93tWFWElmSkE=; path=/; expires=Wed, 25-Jan-23 03:03:15 GMT; domain=.icanhazip.com; HttpOnly; SameSite=None",
              "Vary": "Accept-Encoding"
            },
            "status_code": 200,
            "url": "http://ipv4.icanhazip.com"
          },
          "sensitive_attributes": []
        }
      ]
    },
    {
      "mode": "data",
      "type": "tls_certificate",
      "name": "tst-eks",
      "provider": "provider[\"registry.terraform.io/hashicorp/tls\"]",
      "instances": [
        {
          "schema_version": 0,
          "attributes": {
            "certificates": [
              {
                "cert_pem": "-----BEGIN CERTIFICATE-----\nMIIEdTCCA12gAwIBAgIJAKcOSkw0grd/MA0GCSqGSIb3DQEBCwUAMGgxCzAJBgNV\nBAYTAlVTMSUwIwYDVQQKExxTdGFyZmllbGQgVGVjaG5vbG9naWVzLCBJbmMuMTIw\nMAYDVQQLEylTdGFyZmllbGQgQ2xhc3MgMiBDZXJ0aWZpY2F0aW9uIEF1dGhvcml0\neTAeFw0wOTA5MDIwMDAwMDBaFw0zNDA2MjgxNzM5MTZaMIGYMQswCQYDVQQGEwJV\nUzEQMA4GA1UECBMHQXJpem9uYTETMBEGA1UEBxMKU2NvdHRzZGFsZTElMCMGA1UE\nChMcU3RhcmZpZWxkIFRlY2hub2xvZ2llcywgSW5jLjE7MDkGA1UEAxMyU3RhcmZp\nZWxkIFNlcnZpY2VzIFJvb3QgQ2VydGlmaWNhdGUgQXV0aG9yaXR5IC0gRzIwggEi\nMA0GCSqGSIb3DQEBAQUAA4IBDwAwggEKAoIBAQDVDDrEKvlO4vW+GZdfjohTsR8/\ny8+fIBNtKTrID30892t2OGPZNmCom15cAICyL1l/9of5JUOG52kbUpqQ4XHj2C0N\nTm/2yEnZtvMaVq4rtnQU68/7JuMauh2WLmo7WJSJR1b/JaCTcFOD2oR0FMNnngRo\nOt+OQFodSk7PQ5E751bWAHDLUu57fa4657wx+UX2wmDPE1kCK4DMNEffud6QZW0C\nzyyRpqbn3oUYSXxmTqM6bam17jQuug0DuDPfR+uxa40l2ZvOgdFFRjKWcIfeAg5J\nQ4W2bHO7ZOphQazJ1FTfhy/HIrImzJ9ZVGif/L4qL8RVHHVAYBeFAlU5i38FAgMB\nAAGjgfAwge0wDwYDVR0TAQH/BAUwAwEB/zAOBgNVHQ8BAf8EBAMCAYYwHQYDVR0O\nBBYEFJxfAN+qAdcwKziIorhtSpzyEZGDMB8GA1UdIwQYMBaAFL9ft9HO3R+G9FtV\nrNzXEMIOqYjnME8GCCsGAQUFBwEBBEMwQTAcBggrBgEFBQcwAYYQaHR0cDovL28u\nc3MyLnVzLzAhBggrBgEFBQcwAoYVaHR0cDovL3guc3MyLnVzL3guY2VyMCYGA1Ud\nHwQfMB0wG6AZoBeGFWh0dHA6Ly9zLnNzMi51cy9yLmNybDARBgNVHSAECjAIMAYG\nBFUdIAAwDQYJKoZIhvcNAQELBQADggEBACMd44pXyn3pF3lM8R5V/cxTbj5HD9/G\nVfKyBDbtgB9TxF00KGu+x1X8Z+rLP3+QsjPNG1gQggL4+C/1E2DUBc7xgQjB3ad1\nl08YuW3e95ORCLp+QCztweq7dp4zBncdDQh/U90bZKuCJ/Fp1U1ervShw3WnWEQt\n8jxwmKy6abaVd38PMV4s/KCHOkdp8Hlf9BRUpJVeEXgSYCfOn8J3/yNTd126/+pZ\n59vPr5KW7ySaNRB6nJHGDn2Z9j8Z3/VyVOEVqQdZe4O/Ui5GjLIAZHYcSNPYeehu\nVsyuLAOQ1xk4meTKCRlb/weWsKh/NEnfVqn3sF/tM+2MR7cwA130A4w=\n-----END CERTIFICATE-----\n",
                "is_ca": true,
                "issuer": "OU=Starfield Class 2 Certification Authority,O=Starfield Technologies\\, Inc.,C=US",
                "not_after": "2034-06-28T17:39:16Z",
                "not_before": "2009-09-02T00:00:00Z",
                "public_key_algorithm": "RSA",
                "serial_number": "12037640545166866303",
                "sha1_fingerprint": "9e99a48a9960b14926bb7f3b02e22da2b0ab7280",
                "signature_algorithm": "SHA256-RSA",
                "subject": "CN=Starfield Services Root Certificate Authority - G2,O=Starfield Technologies\\, Inc.,L=Scottsdale,ST=Arizona,C=US",
                "version": 3
              },
              {
                "cert_pem": "-----BEGIN CERTIFICATE-----\nMIIEkjCCA3qgAwIBAgITBn+USionzfP6wq4rAfkI7rnExjANBgkqhkiG9w0BAQsF\nADCBmDELMAkGA1UEBhMCVVMxEDAOBgNVBAgTB0FyaXpvbmExEzARBgNVBAcTClNj\nb3R0c2RhbGUxJTAjBgNVBAoTHFN0YXJmaWVsZCBUZWNobm9sb2dpZXMsIEluYy4x\nOzA5BgNVBAMTMlN0YXJmaWVsZCBTZXJ2aWNlcyBSb290IENlcnRpZmljYXRlIEF1\ndGhvcml0eSAtIEcyMB4XDTE1MDUyNTEyMDAwMFoXDTM3MTIzMTAxMDAwMFowOTEL\nMAkGA1UEBhMCVVMxDzANBgNVBAoTBkFtYXpvbjEZMBcGA1UEAxMQQW1hem9uIFJv\nb3QgQ0EgMTCCASIwDQYJKoZIhvcNAQEBBQADggEPADCCAQoCggEBALJ4gHHKeNXj\nca9HgFB0fW7Y14h29Jlo91ghYPl0hAEvrAIthtOgQ3pOsqTQNroBvo3bSMgHFzZM\n9O6II8c+6zf1tRn4SWiw3te5djgdYZ6k/oI2peVKVuRF4fn9tBb6dNqcmzU5L/qw\nIFAGbHrQgLKm+a/sRxmPUDgH3KKHOVj4utWp+UhnMJbulHheb4mjUcAwhmahRWa6\nVOujw5H5SNz/0egwLX0tdHA114gk957EWW67c4cX8jJGKLhD+rcdqsq08p8kDi1L\n93FcXmn/6pUCyziKrlA4b9v7LWIbxcceVOF34GfID5yHI9Y/QCB/IIDEgEw+OyQm\njgSubJrIqg0CAwEAAaOCATEwggEtMA8GA1UdEwEB/wQFMAMBAf8wDgYDVR0PAQH/\nBAQDAgGGMB0GA1UdDgQWBBSEGMyFNOy8DJSULghZnMeyEE4KCDAfBgNVHSMEGDAW\ngBScXwDfqgHXMCs4iKK4bUqc8hGRgzB4BggrBgEFBQcBAQRsMGowLgYIKwYBBQUH\nMAGGImh0dHA6Ly9vY3NwLnJvb3RnMi5hbWF6b250cnVzdC5jb20wOAYIKwYBBQUH\nMAKGLGh0dHA6Ly9jcnQucm9vdGcyLmFtYXpvbnRydXN0LmNvbS9yb290ZzIuY2Vy\nMD0GA1UdHwQ2MDQwMqAwoC6GLGh0dHA6Ly9jcmwucm9vdGcyLmFtYXpvbnRydXN0\nLmNvbS9yb290ZzIuY3JsMBEGA1UdIAQKMAgwBgYEVR0gADANBgkqhkiG9w0BAQsF\nAAOCAQEAYjdCXLwQtT6LLOkMm2xF4gcAevnFWAu5CIw+7bMlPLVvUOTNNWqnkzSW\nMiGpSESrnO09tKpzbeR/FoCJbM8oAxiDR3mjEH4wW6w7sGDgd9QIpuEdfF7Au/ma\neyKdpwAJfqxGF4PcnCZXmTA5YpaP7dreqsXMGz7KQ2hsVxa81Q4gLv7/wmpdLqBK\nbRRYh5TmOTFffHPLkIhqhBGWJ6bt2YFGpn6jcgAKUj6DiAdjd4lpFw85hdKrCEVN\n0FE6/V1dN2RMfjCyVSRCnTawXZwXgWHxyvkQAiSr6w10kY17RSlQOYiypok1JR4U\nakcjMS9cmvqtmg5iUaQqqcT5NJ0hGA==\n-----END CERTIFICATE-----\n",
                "is_ca": true,
                "issuer": "CN=Starfield Services Root Certificate Authority - G2,O=Starfield Technologies\\, Inc.,L=Scottsdale,ST=Arizona,C=US",
                "not_after": "2037-12-31T01:00:00Z",
                "not_before": "2015-05-25T12:00:00Z",
                "public_key_algorithm": "RSA",
                "serial_number": "144918191876577076464031512351042010504348870",
                "sha1_fingerprint": "06b25927c42a721631c1efd9431e648fa62e1e39",
                "signature_algorithm": "SHA256-RSA",
                "subject": "CN=Amazon Root CA 1,O=Amazon,C=US",
                "version": 3
              },
              {
                "cert_pem": "-----BEGIN CERTIFICATE-----\nMIIESTCCAzGgAwIBAgITBn+UV4WH6Kx33rJTMlu8mYtWDTANBgkqhkiG9w0BAQsF\nADA5MQswCQYDVQQGEwJVUzEPMA0GA1UEChMGQW1hem9uMRkwFwYDVQQDExBBbWF6\nb24gUm9vdCBDQSAxMB4XDTE1MTAyMjAwMDAwMFoXDTI1MTAxOTAwMDAwMFowRjEL\nMAkGA1UEBhMCVVMxDzANBgNVBAoTBkFtYXpvbjEVMBMGA1UECxMMU2VydmVyIENB\nIDFCMQ8wDQYDVQQDEwZBbWF6b24wggEiMA0GCSqGSIb3DQEBAQUAA4IBDwAwggEK\nAoIBAQDCThZn3c68asg3Wuw6MLAd5tES6BIoSMzoKcG5blPVo+sDORrMd4f2AbnZ\ncMzPa43j4wNxhplty6aUKk4T1qe9BOwKFjwK6zmxxLVYo7bHViXsPlJ6qOMpFge5\nblDP+18x+B26A0piiQOuPkfyDyeR4xQghfj66Yo19V+emU3nazfvpFA+ROz6WoVm\nB5x+F2pV8xeKNR7u6azDdU5YVX1TawprmxRC1+WsAYmz6qP+z8ArDITC2FMVy2fw\n0IjKOtEXc/VfmtTFch5+AfGYMGMqqvJ6LcXiAhqG5TI+Dr0RtM88k+8XUBCeQ8IG\nKuANaL7TiItKZYxK1MMuTJtV9IblAgMBAAGjggE7MIIBNzASBgNVHRMBAf8ECDAG\nAQH/AgEAMA4GA1UdDwEB/wQEAwIBhjAdBgNVHQ4EFgQUWaRmBlKge5WSPKOUByeW\ndFv5PdAwHwYDVR0jBBgwFoAUhBjMhTTsvAyUlC4IWZzHshBOCggwewYIKwYBBQUH\nAQEEbzBtMC8GCCsGAQUFBzABhiNodHRwOi8vb2NzcC5yb290Y2ExLmFtYXpvbnRy\ndXN0LmNvbTA6BggrBgEFBQcwAoYuaHR0cDovL2NydC5yb290Y2ExLmFtYXpvbnRy\ndXN0LmNvbS9yb290Y2ExLmNlcjA/BgNVHR8EODA2MDSgMqAwhi5odHRwOi8vY3Js\nLnJvb3RjYTEuYW1hem9udHJ1c3QuY29tL3Jvb3RjYTEuY3JsMBMGA1UdIAQMMAow\nCAYGZ4EMAQIBMA0GCSqGSIb3DQEBCwUAA4IBAQCFkr41u3nPo4FCHOTjY3NTOVI1\n59Gt/a6ZiqyJEi+752+a1U5y6iAwYfmXss2lJwJFqMp2PphKg5625kXg8kP2CN5t\n6G7bMQcT8C8xDZNtYTd7WPD8UZiRKAJPBXa30/AbwuZe0GaFEQ8ugcYQgSn+IGBI\n8/LwhBNTZTUVEWuCUUBVV18YtbAiPq3yXqMB48Oz+ctBWuZSkbvkNodPLamkB2g1\nupRyzQ7qDn1X8nn8N8V7YJ6y68AtkHcNSRAnpTitxBKjtKPISLMVCx7i4hncxHZS\nyLyKQXhw2W2Xs0qLeC1etA+jTGDK4UfLeC0SF7FSi8o5LL21L8IzApar2pR/\n-----END CERTIFICATE-----\n",
                "is_ca": true,
                "issuer": "CN=Amazon Root CA 1,O=Amazon,C=US",
                "not_after": "2025-10-19T00:00:00Z",
                "not_before": "2015-10-22T00:00:00Z",
                "public_key_algorithm": "RSA",
                "serial_number": "144918209630989264145272943054026349679957517",
                "sha1_fingerprint": "917e732d330f9a12404f73d8bea36948b929dffc",
                "signature_algorithm": "SHA256-RSA",
                "subject": "CN=Amazon,OU=Server CA 1B,O=Amazon,C=US",
                "version": 3
              },
              {
                "cert_pem": "-----BEGIN CERTIFICATE-----\nMIIGBDCCBOygAwIBAgIQCneydd7qXdM9F747ypOYmDANBgkqhkiG9w0BAQsFADBG\nMQswCQYDVQQGEwJVUzEPMA0GA1UEChMGQW1hem9uMRUwEwYDVQQLEwxTZXJ2ZXIg\nQ0EgMUIxDzANBgNVBAMTBkFtYXpvbjAeFw0yMjA1MTMwMDAwMDBaFw0yMzA2MTEy\nMzU5NTlaMDAxLjAsBgNVBAMTJW9pZGMuZWtzLmFwLW5vcnRoZWFzdC0yLmFtYXpv\nbmF3cy5jb20wggEiMA0GCSqGSIb3DQEBAQUAA4IBDwAwggEKAoIBAQDWICnYVH4Q\nK/uOqyi74Ti0sUcL6xrBjtBI75VmK2EdPjE/Ef4JCQQdW2792joDjElUIFYOH2Od\n0mpHRbz6+lNaeoSznflY1YIzJjO2VZoqV/XtILiR/u2CbvszmuUVDgOx4fh1Bfom\nnHXbYTjQtffP9USp1cvgoyPhkSV3m5I267zqIo9bUwmAikPSHFEIX4svWnedDb+V\nU1WM1tdiRob5i4xFj7GzJi7C4TDQxG53KVpwnKWUtK9TJt20Haagy3bQnvNVuqlX\nepUBR4EhIFJNHoUujuASl7O1K0XsWJZRelpOqZfF/+4aLLaGt0yPMCEH+0KDdC+R\nnAU6OkjHEmH9AgMBAAGjggMCMIIC/jAfBgNVHSMEGDAWgBRZpGYGUqB7lZI8o5QH\nJ5Z0W/k90DAdBgNVHQ4EFgQUKbfpHGuOyp5prrJ/GidZ2w4JREYwMAYDVR0RBCkw\nJ4Ilb2lkYy5la3MuYXAtbm9ydGhlYXN0LTIuYW1hem9uYXdzLmNvbTAOBgNVHQ8B\nAf8EBAMCBaAwHQYDVR0lBBYwFAYIKwYBBQUHAwEGCCsGAQUFBwMCMD0GA1UdHwQ2\nMDQwMqAwoC6GLGh0dHA6Ly9jcmwuc2NhMWIuYW1hem9udHJ1c3QuY29tL3NjYTFi\nLTEuY3JsMBMGA1UdIAQMMAowCAYGZ4EMAQIBMHUGCCsGAQUFBwEBBGkwZzAtBggr\nBgEFBQcwAYYhaHR0cDovL29jc3Auc2NhMWIuYW1hem9udHJ1c3QuY29tMDYGCCsG\nAQUFBzAChipodHRwOi8vY3J0LnNjYTFiLmFtYXpvbnRydXN0LmNvbS9zY2ExYi5j\ncnQwDAYDVR0TAQH/BAIwADCCAYAGCisGAQQB1nkCBAIEggFwBIIBbAFqAHcA6D7Q\n2j71BjUy51covIlryQPTy9ERa+zraeF3fW0GvW4AAAGAushJUgAABAMASDBGAiEA\nydVYJeFgogSHFf+m50hLLh4wbpVlLt6PcYpyaDB5bPgCIQCnajdTxIgh0BAbR0Pd\n8sOOn8A0yncN3aNOipt8g/CtbAB2ADXPGRu/sWxXvw+tTG1Cy7u2JyAmUeo/4Srv\nqAPDO9ZMAAABgLrISXQAAAQDAEcwRQIgOVy4O21h69slBz1WZO3RWaOJt3TY6JLG\nYEVsRVuPsGgCIQDPeqXU/0EMLibFwWzWyDHhnU5jR+uU0A09tqptd7UYLQB3ALc+\n+yTfnE26dfI5xbpY9Gxd/ELPep81xJ4dCYEl7bSZAAABgLrISWsAAAQDAEgwRgIh\nAJlJP38syboeJN1B2WtgMU8YhdrJ97Za3bAHZJAVmn06AiEAk5gZurPO9ztpuTy2\nil4cUrzu8WXQ6nimVe/ttE0NyuYwDQYJKoZIhvcNAQELBQADggEBABp058JXy2ZV\nS9OEr7XS83lG6TMmQmc+Vi/dAWyoi4gsipaPHD8dBE1MevW5P16YVa/46/OzSHkn\nBDz7oJCCtRNyWlO6H3JqprPUzDG2nGQ7/eSFlkwMPgzjfRR23OB4zl7+oNmWo5NI\nVKqwUuTXzPSv5DPQMs+zpd0lOVt5GXCmR74hiMaH1fsZCr7BJ9Vo4i1L9UApqFMI\nS4t567WYkNL7jWcdg3SEYC3zKoMqmsAQa7s02bXWiQMDVf1pariAdLH7oB6EpbO/\nEIJTMon4Hpa1GvCjlleM3iCqIodOZuaOs3zR75CeJj0KSea6e4kw5F0RN6kKFKDi\nIdUKcGOx02c=\n-----END CERTIFICATE-----\n",
                "is_ca": false,
                "issuer": "CN=Amazon,OU=Server CA 1B,O=Amazon,C=US",
                "not_after": "2023-06-11T23:59:59Z",
                "not_before": "2022-05-13T00:00:00Z",
                "public_key_algorithm": "RSA",
                "serial_number": "13913782891608271281972691959643609240",
                "sha1_fingerprint": "78671c125375bf74f21bba0aa08c5ecf1d437b1e",
                "signature_algorithm": "SHA256-RSA",
                "subject": "CN=oidc.eks.ap-northeast-2.amazonaws.com",
                "version": 3
              }
            ],
            "content": null,
            "id": "e60b99f22d560af59fd9077af16f33b74a2d6b2e",
            "url": "https://oidc.eks.ap-northeast-2.amazonaws.com/id/3D771F5FAE3D49901610C11A044E213C",
            "verify_chain": true
          },
          "sensitive_attributes": []
        }
      ]
    },
    {
      "mode": "managed",
      "type": "aws_cloudwatch_log_group",
      "name": "tst-eks",
      "provider": "provider[\"registry.terraform.io/hashicorp/aws\"]",
      "instances": [
        {
          "schema_version": 0,
          "attributes": {
            "arn": "arn:aws:logs:ap-northeast-2:494307375889:log-group:/aws/eks/tst-eks/cluster",
            "id": "/aws/eks/tst-eks/cluster",
            "kms_key_id": "",
            "name": "/aws/eks/tst-eks/cluster",
            "name_prefix": null,
            "retention_in_days": 0,
            "tags": {},
            "tags_all": {}
          },
          "sensitive_attributes": [],
          "private": "bnVsbA=="
        }
      ]
    },
    {
      "mode": "managed",
      "type": "aws_default_route_table",
      "name": "default-vpc-rt",
      "provider": "provider[\"registry.terraform.io/hashicorp/aws\"]",
      "instances": [
        {
          "schema_version": 0,
          "attributes": {
            "arn": "arn:aws:ec2:ap-northeast-2:494307375889:route-table/rtb-04de826def3de6e72",
            "default_route_table_id": "rtb-04de826def3de6e72",
            "id": "rtb-04de826def3de6e72",
            "owner_id": "494307375889",
            "propagating_vgws": [],
            "route": [
              {
                "cidr_block": "0.0.0.0/0",
                "destination_prefix_list_id": "",
                "egress_only_gateway_id": "",
                "gateway_id": "igw-09d51b7a355ae7f8e",
                "instance_id": "",
                "ipv6_cidr_block": "",
                "nat_gateway_id": "",
                "network_interface_id": "",
                "transit_gateway_id": "",
                "vpc_endpoint_id": "",
                "vpc_peering_connection_id": ""
              }
            ],
            "tags": {
              "Name": "default_vpc_route_table"
            },
            "tags_all": {
              "Name": "default_vpc_route_table"
            },
            "timeouts": null,
            "vpc_id": "vpc-0f753fa8673263bbb"
          },
          "sensitive_attributes": [],
          "private": "eyJlMmJmYjczMC1lY2FhLTExZTYtOGY4OC0zNDM2M2JjN2M0YzAiOnsiY3JlYXRlIjoxMjAwMDAwMDAwMDAsInVwZGF0ZSI6MTIwMDAwMDAwMDAwfX0=",
          "dependencies": [
            "aws_internet_gateway.dev-gw",
            "aws_vpc.dev-vpc"
          ]
        }
      ]
    },
    {
      "mode": "managed",
      "type": "aws_eks_addon",
      "name": "tst-eks-addon",
      "provider": "provider[\"registry.terraform.io/hashicorp/aws\"]",
      "instances": [
        {
          "index_key": "coredns",
          "schema_version": 0,
          "attributes": {
            "addon_name": "coredns",
            "addon_version": "v1.8.7-eksbuild.3",
            "arn": "arn:aws:eks:ap-northeast-2:494307375889:addon/tst-eks/coredns/ccc2f355-8506-794c-0a1b-6e0d3acf537a",
            "cluster_name": "tst-eks",
            "created_at": "2023-01-25T02:04:07Z",
            "id": "tst-eks:coredns",
            "modified_at": "2023-01-25T02:04:13Z",
            "resolve_conflicts": "OVERWRITE",
            "service_account_role_arn": "",
            "tags": {},
            "tags_all": {}
          },
          "sensitive_attributes": [],
          "private": "bnVsbA==",
          "dependencies": [
            "aws_cloudwatch_log_group.tst-eks",
            "aws_eks_cluster.tst-eks",
            "aws_eks_node_group.tst-eks-node-grp",
            "aws_iam_openid_connect_provider.tst-eks",
            "aws_iam_role.tst-eks",
            "aws_iam_role.tst-eks-iam-for-node",
            "aws_iam_role_policy_attachment.tst-eks-AmazonEKSClusterPolicy",
            "aws_iam_role_policy_attachment.tst-eks-AmazonEKSVPCResourceController",
            "aws_iam_role_policy_attachment.tst-eks-iam-for-node-AmazonEC2ContainerRegistryReadOnly",
            "aws_iam_role_policy_attachment.tst-eks-iam-for-node-AmazonEKSWorkerNodePolicy",
            "aws_iam_role_policy_attachment.tst-eks-iam-for-node-AmazonEKS_CNI_Policy",
            "aws_security_group.eks_node_sg",
            "aws_security_group.eks_sg",
            "aws_subnet.tst-eks1",
            "aws_subnet.tst-eks2",
            "aws_vpc.dev-vpc",
            "data.http.myip",
            "data.tls_certificate.tst-eks"
          ]
        },
        {
          "index_key": "kube-proxy",
          "schema_version": 0,
          "attributes": {
            "addon_name": "kube-proxy",
            "addon_version": "v1.24.7-eksbuild.2",
            "arn": "arn:aws:eks:ap-northeast-2:494307375889:addon/tst-eks/kube-proxy/3ac2f355-8509-f44e-82e3-08ea81fea0eb",
            "cluster_name": "tst-eks",
            "created_at": "2023-01-25T02:04:07Z",
            "id": "tst-eks:kube-proxy",
            "modified_at": "2023-01-25T02:04:08Z",
            "resolve_conflicts": "OVERWRITE",
            "service_account_role_arn": "",
            "tags": {},
            "tags_all": {}
          },
          "sensitive_attributes": [],
          "private": "bnVsbA==",
          "dependencies": [
            "aws_cloudwatch_log_group.tst-eks",
            "aws_eks_cluster.tst-eks",
            "aws_eks_node_group.tst-eks-node-grp",
            "aws_iam_openid_connect_provider.tst-eks",
            "aws_iam_role.tst-eks",
            "aws_iam_role.tst-eks-iam-for-node",
            "aws_iam_role_policy_attachment.tst-eks-AmazonEKSClusterPolicy",
            "aws_iam_role_policy_attachment.tst-eks-AmazonEKSVPCResourceController",
            "aws_iam_role_policy_attachment.tst-eks-iam-for-node-AmazonEC2ContainerRegistryReadOnly",
            "aws_iam_role_policy_attachment.tst-eks-iam-for-node-AmazonEKSWorkerNodePolicy",
            "aws_iam_role_policy_attachment.tst-eks-iam-for-node-AmazonEKS_CNI_Policy",
            "aws_security_group.eks_node_sg",
            "aws_security_group.eks_sg",
            "aws_subnet.tst-eks1",
            "aws_subnet.tst-eks2",
            "aws_vpc.dev-vpc",
            "data.http.myip",
            "data.tls_certificate.tst-eks"
          ]
        },
        {
          "index_key": "vpc-cni",
          "schema_version": 0,
          "attributes": {
            "addon_name": "vpc-cni",
            "addon_version": "v1.12.0-eksbuild.1",
            "arn": "arn:aws:eks:ap-northeast-2:494307375889:addon/tst-eks/vpc-cni/76c2f355-8507-4bec-3d27-6409da11e98b",
            "cluster_name": "tst-eks",
            "created_at": "2023-01-25T02:04:07Z",
            "id": "tst-eks:vpc-cni",
            "modified_at": "2023-01-25T02:05:08Z",
            "resolve_conflicts": "OVERWRITE",
            "service_account_role_arn": "",
            "tags": {},
            "tags_all": {}
          },
          "sensitive_attributes": [],
          "private": "bnVsbA==",
          "dependencies": [
            "aws_cloudwatch_log_group.tst-eks",
            "aws_eks_cluster.tst-eks",
            "aws_eks_node_group.tst-eks-node-grp",
            "aws_iam_openid_connect_provider.tst-eks",
            "aws_iam_role.tst-eks",
            "aws_iam_role.tst-eks-iam-for-node",
            "aws_iam_role_policy_attachment.tst-eks-AmazonEKSClusterPolicy",
            "aws_iam_role_policy_attachment.tst-eks-AmazonEKSVPCResourceController",
            "aws_iam_role_policy_attachment.tst-eks-iam-for-node-AmazonEC2ContainerRegistryReadOnly",
            "aws_iam_role_policy_attachment.tst-eks-iam-for-node-AmazonEKSWorkerNodePolicy",
            "aws_iam_role_policy_attachment.tst-eks-iam-for-node-AmazonEKS_CNI_Policy",
            "aws_security_group.eks_node_sg",
            "aws_security_group.eks_sg",
            "aws_subnet.tst-eks1",
            "aws_subnet.tst-eks2",
            "aws_vpc.dev-vpc",
            "data.http.myip",
            "data.tls_certificate.tst-eks"
          ]
        }
      ]
    },
    {
      "mode": "managed",
      "type": "aws_eks_cluster",
      "name": "tst-eks",
      "provider": "provider[\"registry.terraform.io/hashicorp/aws\"]",
      "instances": [
        {
          "schema_version": 0,
          "attributes": {
            "arn": "arn:aws:eks:ap-northeast-2:494307375889:cluster/tst-eks",
            "certificate_authority": [
              {
                "data": "LS0tLS1CRUdJTiBDRVJUSUZJQ0FURS0tLS0tCk1JSUMvakNDQWVhZ0F3SUJBZ0lCQURBTkJna3Foa2lHOXcwQkFRc0ZBREFWTVJNd0VRWURWUVFERXdwcmRXSmwKY201bGRHVnpNQjRYRFRJek1ERXlOVEF4TlRjek1sb1hEVE16TURFeU1qQXhOVGN6TWxvd0ZURVRNQkVHQTFVRQpBeE1LYTNWaVpYSnVaWFJsY3pDQ0FTSXdEUVlKS29aSWh2Y05BUUVCQlFBRGdnRVBBRENDQVFvQ2dnRUJBTktvCk1EUWRwdXBWRXZ6WUlZWm1NQnlaRzJoSHBvTlpPczBxM0kzMVZrRTl6Vk42YlZiZkZ2QnRyaTV6TmNLaW9BU3QKTjJ3RmhxVGRFdXpPTlFhNEFNN1JzZ0lsWHZBcGF6RGphUzBCaDZZalp5ak9LaTFYeW1rL2I1c0JVdytOMzJqNApyUnZVenBLQmVhTnBtdzFsbm1MeU5reGxEQmtQdnpXMXpQeFM0eVAyZXhTT0tpNXZQTWNKTWdKU0JNU05PZGJMCk9kK2hUVXJJalJJYStsZURDdVVNOGNFNXd6cHNSYTY5Q2VJQ0VVZjFrYWtsWkY0Vk9xVXFEVVZCSlpONEpSam0KZkJzUzBqNmVsRFkxWWd6MlRSNGhLOXNFRmpRUHBZRGgyMTZNOGZROHFHSHJ6cmR3c0l3T0RLNVRUcmkzVm5TTApBRWludzI2a0FSbHJteW90ZTJzQ0F3RUFBYU5aTUZjd0RnWURWUjBQQVFIL0JBUURBZ0trTUE4R0ExVWRFd0VCCi93UUZNQU1CQWY4d0hRWURWUjBPQkJZRUZKajlhN2pSOEJJRmU0Mkw5T3Z2ZVN6ZFdZcDRNQlVHQTFVZEVRUU8KTUF5Q0NtdDFZbVZ5Ym1WMFpYTXdEUVlKS29aSWh2Y05BUUVMQlFBRGdnRUJBQnlFcHhpSUs0Ryswb0xMRlVwRQo4Tld4SU9jM0JoOVdleW9xcnc0TDZaSlZLRVIxdE9uc0pUNDZIbXVkT2tmTWN5US93ZkFpQWxRN2pIN2sxRFpWCkNYRjVwVGpNV2RLZ3VqMzd5ZGZMMVFzOTk1QTFYUmtoUXlUNHNXajJIcnFxb2lHdUxwUm00RmsvTDA4ejAxaVgKaXJEQ2VqWFN2cEdTTnVzVi8zd0VsbEQ2bVpGNlNRbC9FOHdmd3FtS3U2UC8zNFZpai9NcW83NkZaa25OUjJZMgowdnIyTFkrQXFIamU1bXJ0aDh2UTcyMEZBVnJkTkNsUTQxcFk2Q3VNZi9raWpvZTR5OHNqR1ZyTkhKeUJHa1VsCmcrdnNJNkpGZFI5N0s3MzhZUVk5WjRycjVzcWJwd3MzQ0V0bzlNWGNYLzJlWDkyUzhnNyt5ell0UU41Wml6VGYKU2RVPQotLS0tLUVORCBDRVJUSUZJQ0FURS0tLS0tCg=="
              }
            ],
            "created_at": "2023-01-25 01:51:34.288 +0000 UTC",
            "enabled_cluster_log_types": [
              "api",
              "audit",
              "authenticator",
              "controllerManager",
              "scheduler"
            ],
            "encryption_config": [],
            "endpoint": "https://3D771F5FAE3D49901610C11A044E213C.gr7.ap-northeast-2.eks.amazonaws.com",
            "id": "tst-eks",
            "identity": [
              {
                "oidc": [
                  {
                    "issuer": "https://oidc.eks.ap-northeast-2.amazonaws.com/id/3D771F5FAE3D49901610C11A044E213C"
                  }
                ]
              }
            ],
            "kubernetes_network_config": [
              {
                "ip_family": "ipv4",
                "service_ipv4_cidr": "172.20.0.0/16"
              }
            ],
            "name": "tst-eks",
            "platform_version": "eks.3",
            "role_arn": "arn:aws:iam::494307375889:role/eks-cluster-tst-eks",
            "status": "ACTIVE",
            "tags": {},
            "tags_all": {},
            "timeouts": null,
            "version": "1.24",
            "vpc_config": [
              {
                "cluster_security_group_id": "sg-056cb55d2d969651d",
                "endpoint_private_access": true,
                "endpoint_public_access": true,
                "public_access_cidrs": [
                  "0.0.0.0/0"
                ],
                "security_group_ids": [
                  "sg-079d222279b403f52"
                ],
                "subnet_ids": [
                  "subnet-078072e650b133ea2",
                  "subnet-0d5624839448478b5"
                ],
                "vpc_id": "vpc-0f753fa8673263bbb"
              }
            ]
          },
          "sensitive_attributes": [],
          "private": "eyJlMmJmYjczMC1lY2FhLTExZTYtOGY4OC0zNDM2M2JjN2M0YzAiOnsiY3JlYXRlIjoxODAwMDAwMDAwMDAwLCJkZWxldGUiOjkwMDAwMDAwMDAwMCwidXBkYXRlIjozNjAwMDAwMDAwMDAwfX0=",
          "dependencies": [
            "aws_cloudwatch_log_group.tst-eks",
            "aws_iam_role.tst-eks",
            "aws_iam_role_policy_attachment.tst-eks-AmazonEKSClusterPolicy",
            "aws_iam_role_policy_attachment.tst-eks-AmazonEKSVPCResourceController",
            "aws_security_group.eks_sg",
            "aws_subnet.tst-eks1",
            "aws_subnet.tst-eks2",
            "aws_vpc.dev-vpc",
            "data.http.myip"
          ]
        }
      ]
    },
    {
      "mode": "managed",
      "type": "aws_eks_node_group",
      "name": "tst-eks-node-grp",
      "provider": "provider[\"registry.terraform.io/hashicorp/aws\"]",
      "instances": [
        {
          "schema_version": 0,
          "attributes": {
            "ami_type": "AL2_x86_64",
            "arn": "arn:aws:eks:ap-northeast-2:494307375889:nodegroup/tst-eks/tst-eks-node-grp1/58c2f354-c3ae-eed8-10b5-d05e5c07a901",
            "capacity_type": "ON_DEMAND",
            "cluster_name": "tst-eks",
            "disk_size": 10,
            "force_update_version": null,
            "id": "tst-eks:tst-eks-node-grp1",
            "instance_types": [
              "t3.small"
            ],
            "labels": {},
            "launch_template": [],
            "node_group_name": "tst-eks-node-grp1",
            "node_group_name_prefix": "",
            "node_role_arn": "arn:aws:iam::494307375889:role/eks-node-group-tst-eks-iam-for-node",
            "release_version": "1.24.7-20230105",
            "remote_access": [
              {
                "ec2_ssh_key": "dev_pub",
                "source_security_group_ids": [
                  "sg-079d222279b403f52",
                  "sg-0e1133adee5f06358"
                ]
              }
            ],
            "resources": [
              {
                "autoscaling_groups": [
                  {
                    "name": "eks-tst-eks-node-grp1-58c2f354-c3ae-eed8-10b5-d05e5c07a901"
                  }
                ],
                "remote_access_security_group_id": "sg-0d72cb032f848b869"
              }
            ],
            "scaling_config": [
              {
                "desired_size": 2,
                "max_size": 2,
                "min_size": 2
              }
            ],
            "status": "ACTIVE",
            "subnet_ids": [
              "subnet-078072e650b133ea2",
              "subnet-0d5624839448478b5"
            ],
            "tags": {},
            "tags_all": {},
            "taint": [],
            "timeouts": {
              "create": "60m",
              "delete": null,
              "update": null
            },
            "update_config": [
              {
                "max_unavailable": 1,
                "max_unavailable_percentage": 0
              }
            ],
            "version": "1.24"
          },
          "sensitive_attributes": [],
          "private": "eyJlMmJmYjczMC1lY2FhLTExZTYtOGY4OC0zNDM2M2JjN2M0YzAiOnsiY3JlYXRlIjozNjAwMDAwMDAwMDAwLCJkZWxldGUiOjM2MDAwMDAwMDAwMDAsInVwZGF0ZSI6MzYwMDAwMDAwMDAwMH19",
          "dependencies": [
            "aws_cloudwatch_log_group.tst-eks",
            "aws_eks_cluster.tst-eks",
            "aws_iam_role.tst-eks",
            "aws_iam_role.tst-eks-iam-for-node",
            "aws_iam_role_policy_attachment.tst-eks-AmazonEKSClusterPolicy",
            "aws_iam_role_policy_attachment.tst-eks-AmazonEKSVPCResourceController",
            "aws_iam_role_policy_attachment.tst-eks-iam-for-node-AmazonEC2ContainerRegistryReadOnly",
            "aws_iam_role_policy_attachment.tst-eks-iam-for-node-AmazonEKSWorkerNodePolicy",
            "aws_iam_role_policy_attachment.tst-eks-iam-for-node-AmazonEKS_CNI_Policy",
            "aws_security_group.eks_node_sg",
            "aws_security_group.eks_sg",
            "aws_subnet.tst-eks1",
            "aws_subnet.tst-eks2",
            "aws_vpc.dev-vpc",
            "data.http.myip"
          ]
        }
      ]
    },
    {
      "mode": "managed",
      "type": "aws_iam_openid_connect_provider",
      "name": "tst-eks",
      "provider": "provider[\"registry.terraform.io/hashicorp/aws\"]",
      "instances": [
        {
          "schema_version": 0,
          "attributes": {
            "arn": "arn:aws:iam::494307375889:oidc-provider/oidc.eks.ap-northeast-2.amazonaws.com/id/3D771F5FAE3D49901610C11A044E213C",
            "client_id_list": [
              "sts.amazonaws.com"
            ],
            "id": "arn:aws:iam::494307375889:oidc-provider/oidc.eks.ap-northeast-2.amazonaws.com/id/3D771F5FAE3D49901610C11A044E213C",
            "tags": {},
            "tags_all": {},
            "thumbprint_list": [
              "9e99a48a9960b14926bb7f3b02e22da2b0ab7280"
            ],
            "url": "oidc.eks.ap-northeast-2.amazonaws.com/id/3D771F5FAE3D49901610C11A044E213C"
          },
          "sensitive_attributes": [],
          "private": "bnVsbA==",
          "dependencies": [
            "aws_cloudwatch_log_group.tst-eks",
            "aws_eks_cluster.tst-eks",
            "aws_iam_role.tst-eks",
            "aws_iam_role_policy_attachment.tst-eks-AmazonEKSClusterPolicy",
            "aws_iam_role_policy_attachment.tst-eks-AmazonEKSVPCResourceController",
            "aws_security_group.eks_sg",
            "aws_subnet.tst-eks1",
            "aws_subnet.tst-eks2",
            "aws_vpc.dev-vpc",
            "data.http.myip",
            "data.tls_certificate.tst-eks"
          ]
        }
      ]
    },
    {
      "mode": "managed",
      "type": "aws_iam_policy",
      "name": "alb-role-policy",
      "provider": "provider[\"registry.terraform.io/hashicorp/aws\"]",
      "instances": [
        {
          "schema_version": 0,
          "attributes": {
            "arn": "arn:aws:iam::494307375889:policy/terraform-20230125015118781000000001",
            "description": "",
            "id": "arn:aws:iam::494307375889:policy/terraform-20230125015118781000000001",
            "name": "terraform-20230125015118781000000001",
            "name_prefix": null,
            "path": "/",
            "policy": "{\"Statement\":[{\"Action\":[\"iam:CreateServiceLinkedRole\"],\"Condition\":{\"StringEquals\":{\"iam:AWSServiceName\":\"elasticloadbalancing.amazonaws.com\"}},\"Effect\":\"Allow\",\"Resource\":\"*\"},{\"Action\":[\"ec2:DescribeAccountAttributes\",\"ec2:DescribeAddresses\",\"ec2:DescribeAvailabilityZones\",\"ec2:DescribeInternetGateways\",\"ec2:DescribeVpcs\",\"ec2:DescribeVpcPeeringConnections\",\"ec2:DescribeSubnets\",\"ec2:DescribeSecurityGroups\",\"ec2:DescribeInstances\",\"ec2:DescribeNetworkInterfaces\",\"ec2:DescribeTags\",\"ec2:GetCoipPoolUsage\",\"ec2:DescribeCoipPools\",\"elasticloadbalancing:DescribeLoadBalancers\",\"elasticloadbalancing:DescribeLoadBalancerAttributes\",\"elasticloadbalancing:DescribeListeners\",\"elasticloadbalancing:DescribeListenerCertificates\",\"elasticloadbalancing:DescribeSSLPolicies\",\"elasticloadbalancing:DescribeRules\",\"elasticloadbalancing:DescribeTargetGroups\",\"elasticloadbalancing:DescribeTargetGroupAttributes\",\"elasticloadbalancing:DescribeTargetHealth\",\"elasticloadbalancing:DescribeTags\"],\"Effect\":\"Allow\",\"Resource\":\"*\"},{\"Action\":[\"cognito-idp:DescribeUserPoolClient\",\"acm:ListCertificates\",\"acm:DescribeCertificate\",\"iam:ListServerCertificates\",\"iam:GetServerCertificate\",\"waf-regional:GetWebACL\",\"waf-regional:GetWebACLForResource\",\"waf-regional:AssociateWebACL\",\"waf-regional:DisassociateWebACL\",\"wafv2:GetWebACL\",\"wafv2:GetWebACLForResource\",\"wafv2:AssociateWebACL\",\"wafv2:DisassociateWebACL\",\"shield:GetSubscriptionState\",\"shield:DescribeProtection\",\"shield:CreateProtection\",\"shield:DeleteProtection\"],\"Effect\":\"Allow\",\"Resource\":\"*\"},{\"Action\":[\"ec2:AuthorizeSecurityGroupIngress\",\"ec2:RevokeSecurityGroupIngress\"],\"Effect\":\"Allow\",\"Resource\":\"*\"},{\"Action\":[\"ec2:CreateSecurityGroup\"],\"Effect\":\"Allow\",\"Resource\":\"*\"},{\"Action\":[\"ec2:CreateTags\"],\"Condition\":{\"Null\":{\"aws:RequestTag/elbv2.k8s.aws/cluster\":\"false\"},\"StringEquals\":{\"ec2:CreateAction\":\"CreateSecurityGroup\"}},\"Effect\":\"Allow\",\"Resource\":\"arn:aws:ec2:*:*:security-group/*\"},{\"Action\":[\"ec2:CreateTags\",\"ec2:DeleteTags\"],\"Condition\":{\"Null\":{\"aws:RequestTag/elbv2.k8s.aws/cluster\":\"true\",\"aws:ResourceTag/elbv2.k8s.aws/cluster\":\"false\"}},\"Effect\":\"Allow\",\"Resource\":\"arn:aws:ec2:*:*:security-group/*\"},{\"Action\":[\"ec2:AuthorizeSecurityGroupIngress\",\"ec2:RevokeSecurityGroupIngress\",\"ec2:DeleteSecurityGroup\"],\"Condition\":{\"Null\":{\"aws:ResourceTag/elbv2.k8s.aws/cluster\":\"false\"}},\"Effect\":\"Allow\",\"Resource\":\"*\"},{\"Action\":[\"elasticloadbalancing:CreateLoadBalancer\",\"elasticloadbalancing:CreateTargetGroup\"],\"Condition\":{\"Null\":{\"aws:RequestTag/elbv2.k8s.aws/cluster\":\"false\"}},\"Effect\":\"Allow\",\"Resource\":\"*\"},{\"Action\":[\"elasticloadbalancing:CreateListener\",\"elasticloadbalancing:DeleteListener\",\"elasticloadbalancing:CreateRule\",\"elasticloadbalancing:DeleteRule\"],\"Effect\":\"Allow\",\"Resource\":\"*\"},{\"Action\":[\"elasticloadbalancing:AddTags\",\"elasticloadbalancing:RemoveTags\"],\"Condition\":{\"Null\":{\"aws:RequestTag/elbv2.k8s.aws/cluster\":\"true\",\"aws:ResourceTag/elbv2.k8s.aws/cluster\":\"false\"}},\"Effect\":\"Allow\",\"Resource\":[\"arn:aws:elasticloadbalancing:*:*:targetgroup/*/*\",\"arn:aws:elasticloadbalancing:*:*:loadbalancer/net/*/*\",\"arn:aws:elasticloadbalancing:*:*:loadbalancer/app/*/*\"]},{\"Action\":[\"elasticloadbalancing:AddTags\",\"elasticloadbalancing:RemoveTags\"],\"Effect\":\"Allow\",\"Resource\":[\"arn:aws:elasticloadbalancing:*:*:listener/net/*/*/*\",\"arn:aws:elasticloadbalancing:*:*:listener/app/*/*/*\",\"arn:aws:elasticloadbalancing:*:*:listener-rule/net/*/*/*\",\"arn:aws:elasticloadbalancing:*:*:listener-rule/app/*/*/*\"]},{\"Action\":[\"elasticloadbalancing:ModifyLoadBalancerAttributes\",\"elasticloadbalancing:SetIpAddressType\",\"elasticloadbalancing:SetSecurityGroups\",\"elasticloadbalancing:SetSubnets\",\"elasticloadbalancing:DeleteLoadBalancer\",\"elasticloadbalancing:ModifyTargetGroup\",\"elasticloadbalancing:ModifyTargetGroupAttributes\",\"elasticloadbalancing:DeleteTargetGroup\"],\"Condition\":{\"Null\":{\"aws:ResourceTag/elbv2.k8s.aws/cluster\":\"false\"}},\"Effect\":\"Allow\",\"Resource\":\"*\"},{\"Action\":[\"elasticloadbalancing:RegisterTargets\",\"elasticloadbalancing:DeregisterTargets\"],\"Effect\":\"Allow\",\"Resource\":\"arn:aws:elasticloadbalancing:*:*:targetgroup/*/*\"},{\"Action\":[\"elasticloadbalancing:SetWebAcl\",\"elasticloadbalancing:ModifyListener\",\"elasticloadbalancing:AddListenerCertificates\",\"elasticloadbalancing:RemoveListenerCertificates\",\"elasticloadbalancing:ModifyRule\"],\"Effect\":\"Allow\",\"Resource\":\"*\"}],\"Version\":\"2012-10-17\"}",
            "policy_id": "ANPAXGFYD7MITJX2HYK3G",
            "tags": {},
            "tags_all": {}
          },
          "sensitive_attributes": [],
          "private": "bnVsbA=="
        }
      ]
    },
    {
      "mode": "managed",
      "type": "aws_iam_role",
      "name": "alb-role",
      "provider": "provider[\"registry.terraform.io/hashicorp/aws\"]",
      "instances": [
        {
          "schema_version": 0,
          "attributes": {
            "arn": "arn:aws:iam::494307375889:role/AmazonEKSLoadBalancerControllerRole",
            "assume_role_policy": "{\"Version\":\"2012-10-17\",\"Statement\":[{\"Effect\":\"Allow\",\"Principal\":{\"Federated\":\"arn:aws:iam::494307375889:oidc-provider/oidc.eks.ap-northeast-2.amazonaws.com/id/3D771F5FAE3D49901610C11A044E213C\"},\"Action\":\"sts:AssumeRoleWithWebIdentity\",\"Condition\":{\"StringEquals\":{\"oidc.eks.ap-northeast-2.amazonaws.com/id/3D771F5FAE3D49901610C11A044E213C:sub\":\"system:serviceaccount:kube-system:aws-load-balancer-controller\",\"oidc.eks.ap-northeast-2.amazonaws.com/id/3D771F5FAE3D49901610C11A044E213C:aud\":\"sts.amazonaws.com\"}}}]}",
            "create_date": "2023-01-25T02:04:07Z",
            "description": "",
            "force_detach_policies": false,
            "id": "AmazonEKSLoadBalancerControllerRole",
            "inline_policy": [
              {
                "name": "",
                "policy": ""
              }
            ],
            "managed_policy_arns": [
              "arn:aws:iam::494307375889:policy/terraform-20230125015118781000000001"
            ],
            "max_session_duration": 3600,
            "name": "AmazonEKSLoadBalancerControllerRole",
            "name_prefix": "",
            "path": "/",
            "permissions_boundary": null,
            "tags": {},
            "tags_all": {},
            "unique_id": "AROAXGFYD7MI4PW4G5USS"
          },
          "sensitive_attributes": [],
          "private": "bnVsbA==",
          "dependencies": [
            "aws_cloudwatch_log_group.tst-eks",
            "aws_eks_cluster.tst-eks",
            "aws_eks_node_group.tst-eks-node-grp",
            "aws_iam_openid_connect_provider.tst-eks",
            "aws_iam_role.tst-eks",
            "aws_iam_role.tst-eks-iam-for-node",
            "aws_iam_role_policy_attachment.tst-eks-AmazonEKSClusterPolicy",
            "aws_iam_role_policy_attachment.tst-eks-AmazonEKSVPCResourceController",
            "aws_iam_role_policy_attachment.tst-eks-iam-for-node-AmazonEC2ContainerRegistryReadOnly",
            "aws_iam_role_policy_attachment.tst-eks-iam-for-node-AmazonEKSWorkerNodePolicy",
            "aws_iam_role_policy_attachment.tst-eks-iam-for-node-AmazonEKS_CNI_Policy",
            "aws_security_group.eks_node_sg",
            "aws_security_group.eks_sg",
            "aws_subnet.tst-eks1",
            "aws_subnet.tst-eks2",
            "aws_vpc.dev-vpc",
            "data.http.myip",
            "data.tls_certificate.tst-eks"
          ]
        }
      ]
    },
    {
      "mode": "managed",
      "type": "aws_iam_role",
      "name": "tst-eks",
      "provider": "provider[\"registry.terraform.io/hashicorp/aws\"]",
      "instances": [
        {
          "schema_version": 0,
          "attributes": {
            "arn": "arn:aws:iam::494307375889:role/eks-cluster-tst-eks",
            "assume_role_policy": "{\"Version\":\"2012-10-17\",\"Statement\":[{\"Effect\":\"Allow\",\"Principal\":{\"Service\":\"eks.amazonaws.com\"},\"Action\":\"sts:AssumeRole\"}]}",
            "create_date": "2023-01-25T01:51:18Z",
            "description": "",
            "force_detach_policies": false,
            "id": "eks-cluster-tst-eks",
            "inline_policy": [
              {
                "name": "",
                "policy": ""
              }
            ],
            "managed_policy_arns": [
              "arn:aws:iam::aws:policy/AmazonEKSClusterPolicy",
              "arn:aws:iam::aws:policy/AmazonEKSVPCResourceController"
            ],
            "max_session_duration": 3600,
            "name": "eks-cluster-tst-eks",
            "name_prefix": "",
            "path": "/",
            "permissions_boundary": null,
            "tags": {},
            "tags_all": {},
            "unique_id": "AROAXGFYD7MIX4PBQW75W"
          },
          "sensitive_attributes": [],
          "private": "bnVsbA=="
        }
      ]
    },
    {
      "mode": "managed",
      "type": "aws_iam_role",
      "name": "tst-eks-for-sa",
      "provider": "provider[\"registry.terraform.io/hashicorp/aws\"]",
      "instances": [
        {
          "schema_version": 0,
          "attributes": {
            "arn": "arn:aws:iam::494307375889:role/tst-eks-for-sa",
            "assume_role_policy": "{\"Version\":\"2012-10-17\",\"Statement\":[{\"Sid\":\"\",\"Effect\":\"Allow\",\"Principal\":{\"Federated\":\"arn:aws:iam::494307375889:oidc-provider/oidc.eks.ap-northeast-2.amazonaws.com/id/3D771F5FAE3D49901610C11A044E213C\"},\"Action\":\"sts:AssumeRoleWithWebIdentity\",\"Condition\":{\"StringEquals\":{\"oidc.eks.ap-northeast-2.amazonaws.com/id/3D771F5FAE3D49901610C11A044E213C:sub\":\"system:serviceaccount:kube-system:aws-node\"}}}]}",
            "create_date": "2023-01-25T02:02:30Z",
            "description": "",
            "force_detach_policies": false,
            "id": "tst-eks-for-sa",
            "inline_policy": [
              {
                "name": "",
                "policy": ""
              }
            ],
            "managed_policy_arns": [],
            "max_session_duration": 3600,
            "name": "tst-eks-for-sa",
            "name_prefix": "",
            "path": "/",
            "permissions_boundary": null,
            "tags": {},
            "tags_all": {},
            "unique_id": "AROAXGFYD7MISTMMDHLHF"
          },
          "sensitive_attributes": [],
          "private": "bnVsbA==",
          "dependencies": [
            "aws_cloudwatch_log_group.tst-eks",
            "aws_eks_cluster.tst-eks",
            "aws_iam_openid_connect_provider.tst-eks",
            "aws_iam_role.tst-eks",
            "aws_iam_role_policy_attachment.tst-eks-AmazonEKSClusterPolicy",
            "aws_iam_role_policy_attachment.tst-eks-AmazonEKSVPCResourceController",
            "aws_security_group.eks_sg",
            "aws_subnet.tst-eks1",
            "aws_subnet.tst-eks2",
            "aws_vpc.dev-vpc",
            "data.aws_iam_policy_document.tst-eks_assume_role_policy",
            "data.http.myip",
            "data.tls_certificate.tst-eks"
          ]
        }
      ]
    },
    {
      "mode": "managed",
      "type": "aws_iam_role",
      "name": "tst-eks-iam-for-node",
      "provider": "provider[\"registry.terraform.io/hashicorp/aws\"]",
      "instances": [
        {
          "schema_version": 0,
          "attributes": {
            "arn": "arn:aws:iam::494307375889:role/eks-node-group-tst-eks-iam-for-node",
            "assume_role_policy": "{\"Version\":\"2012-10-17\",\"Statement\":[{\"Effect\":\"Allow\",\"Principal\":{\"Service\":\"ec2.amazonaws.com\"},\"Action\":\"sts:AssumeRole\"}]}",
            "create_date": "2023-01-25T01:51:18Z",
            "description": "",
            "force_detach_policies": false,
            "id": "eks-node-group-tst-eks-iam-for-node",
            "inline_policy": [
              {
                "name": "",
                "policy": ""
              }
            ],
            "managed_policy_arns": [
              "arn:aws:iam::aws:policy/AmazonEC2ContainerRegistryReadOnly",
              "arn:aws:iam::aws:policy/AmazonEKSWorkerNodePolicy",
              "arn:aws:iam::aws:policy/AmazonEKS_CNI_Policy"
            ],
            "max_session_duration": 3600,
            "name": "eks-node-group-tst-eks-iam-for-node",
            "name_prefix": "",
            "path": "/",
            "permissions_boundary": null,
            "tags": {},
            "tags_all": {},
            "unique_id": "AROAXGFYD7MI7CC6E4IGR"
          },
          "sensitive_attributes": [],
          "private": "bnVsbA=="
        }
      ]
    },
    {
      "mode": "managed",
      "type": "aws_iam_role_policy_attachment",
      "name": "attchAmazonalbPolicy",
      "provider": "provider[\"registry.terraform.io/hashicorp/aws\"]",
      "instances": [
        {
          "schema_version": 0,
          "attributes": {
            "id": "AmazonEKSLoadBalancerControllerRole-2023012502041235750000000b",
            "policy_arn": "arn:aws:iam::494307375889:policy/terraform-20230125015118781000000001",
            "role": "AmazonEKSLoadBalancerControllerRole"
          },
          "sensitive_attributes": [],
          "private": "bnVsbA==",
          "dependencies": [
            "aws_cloudwatch_log_group.tst-eks",
            "aws_eks_cluster.tst-eks",
            "aws_eks_node_group.tst-eks-node-grp",
            "aws_iam_openid_connect_provider.tst-eks",
            "aws_iam_policy.alb-role-policy",
            "aws_iam_role.alb-role",
            "aws_iam_role.tst-eks",
            "aws_iam_role.tst-eks-iam-for-node",
            "aws_iam_role_policy_attachment.tst-eks-AmazonEKSClusterPolicy",
            "aws_iam_role_policy_attachment.tst-eks-AmazonEKSVPCResourceController",
            "aws_iam_role_policy_attachment.tst-eks-iam-for-node-AmazonEC2ContainerRegistryReadOnly",
            "aws_iam_role_policy_attachment.tst-eks-iam-for-node-AmazonEKSWorkerNodePolicy",
            "aws_iam_role_policy_attachment.tst-eks-iam-for-node-AmazonEKS_CNI_Policy",
            "aws_security_group.eks_node_sg",
            "aws_security_group.eks_sg",
            "aws_subnet.tst-eks1",
            "aws_subnet.tst-eks2",
            "aws_vpc.dev-vpc",
            "data.http.myip",
            "data.tls_certificate.tst-eks"
          ]
        }
      ]
    },
    {
      "mode": "managed",
      "type": "aws_iam_role_policy_attachment",
      "name": "tst-eks-AmazonEKSClusterPolicy",
      "provider": "provider[\"registry.terraform.io/hashicorp/aws\"]",
      "instances": [
        {
          "schema_version": 0,
          "attributes": {
            "id": "eks-cluster-tst-eks-20230125015123405100000002",
            "policy_arn": "arn:aws:iam::aws:policy/AmazonEKSClusterPolicy",
            "role": "eks-cluster-tst-eks"
          },
          "sensitive_attributes": [],
          "private": "bnVsbA==",
          "dependencies": [
            "aws_iam_role.tst-eks"
          ]
        }
      ]
    },
    {
      "mode": "managed",
      "type": "aws_iam_role_policy_attachment",
      "name": "tst-eks-AmazonEKSVPCResourceController",
      "provider": "provider[\"registry.terraform.io/hashicorp/aws\"]",
      "instances": [
        {
          "schema_version": 0,
          "attributes": {
            "id": "eks-cluster-tst-eks-20230125015123431100000006",
            "policy_arn": "arn:aws:iam::aws:policy/AmazonEKSVPCResourceController",
            "role": "eks-cluster-tst-eks"
          },
          "sensitive_attributes": [],
          "private": "bnVsbA==",
          "dependencies": [
            "aws_iam_role.tst-eks"
          ]
        }
      ]
    },
    {
      "mode": "managed",
      "type": "aws_iam_role_policy_attachment",
      "name": "tst-eks-iam-for-node-AmazonEC2ContainerRegistryReadOnly",
      "provider": "provider[\"registry.terraform.io/hashicorp/aws\"]",
      "instances": [
        {
          "schema_version": 0,
          "attributes": {
            "id": "eks-node-group-tst-eks-iam-for-node-20230125015123413600000003",
            "policy_arn": "arn:aws:iam::aws:policy/AmazonEC2ContainerRegistryReadOnly",
            "role": "eks-node-group-tst-eks-iam-for-node"
          },
          "sensitive_attributes": [],
          "private": "bnVsbA==",
          "dependencies": [
            "aws_iam_role.tst-eks-iam-for-node"
          ]
        }
      ]
    },
    {
      "mode": "managed",
      "type": "aws_iam_role_policy_attachment",
      "name": "tst-eks-iam-for-node-AmazonEKSWorkerNodePolicy",
      "provider": "provider[\"registry.terraform.io/hashicorp/aws\"]",
      "instances": [
        {
          "schema_version": 0,
          "attributes": {
            "id": "eks-node-group-tst-eks-iam-for-node-20230125015123417400000004",
            "policy_arn": "arn:aws:iam::aws:policy/AmazonEKSWorkerNodePolicy",
            "role": "eks-node-group-tst-eks-iam-for-node"
          },
          "sensitive_attributes": [],
          "private": "bnVsbA==",
          "dependencies": [
            "aws_iam_role.tst-eks-iam-for-node"
          ]
        }
      ]
    },
    {
      "mode": "managed",
      "type": "aws_iam_role_policy_attachment",
      "name": "tst-eks-iam-for-node-AmazonEKS_CNI_Policy",
      "provider": "provider[\"registry.terraform.io/hashicorp/aws\"]",
      "instances": [
        {
          "schema_version": 0,
          "attributes": {
            "id": "eks-node-group-tst-eks-iam-for-node-20230125015123417500000005",
            "policy_arn": "arn:aws:iam::aws:policy/AmazonEKS_CNI_Policy",
            "role": "eks-node-group-tst-eks-iam-for-node"
          },
          "sensitive_attributes": [],
          "private": "bnVsbA==",
          "dependencies": [
            "aws_iam_role.tst-eks-iam-for-node"
          ]
        }
      ]
    },
    {
      "mode": "managed",
      "type": "aws_instance",
      "name": "nat",
      "provider": "provider[\"registry.terraform.io/hashicorp/aws\"]",
      "instances": [
        {
          "schema_version": 1,
          "attributes": {
            "ami": "ami-0a7f5342e82d8ae53",
            "arn": "arn:aws:ec2:ap-northeast-2:494307375889:instance/i-079f9ebf7ba5dddd2",
            "associate_public_ip_address": true,
            "availability_zone": "ap-northeast-2a",
            "capacity_reservation_specification": [
              {
                "capacity_reservation_preference": "open",
                "capacity_reservation_target": []
              }
            ],
            "cpu_core_count": 1,
            "cpu_threads_per_core": 1,
            "credit_specification": [
              {
                "cpu_credits": "standard"
              }
            ],
            "disable_api_termination": false,
            "ebs_block_device": [],
            "ebs_optimized": false,
            "enclave_options": [
              {
                "enabled": false
              }
            ],
            "ephemeral_block_device": [],
            "get_password_data": false,
            "hibernation": false,
            "host_id": null,
            "iam_instance_profile": "",
            "id": "i-079f9ebf7ba5dddd2",
            "instance_initiated_shutdown_behavior": "stop",
            "instance_state": "running",
            "instance_type": "t2.micro",
            "ipv6_address_count": 0,
            "ipv6_addresses": [],
            "key_name": "dev_pub",
            "launch_template": [],
            "metadata_options": [
              {
                "http_endpoint": "enabled",
                "http_put_response_hop_limit": 1,
                "http_tokens": "optional",
                "instance_metadata_tags": "disabled"
              }
            ],
            "monitoring": false,
            "network_interface": [],
            "outpost_arn": "",
            "password_data": "",
            "placement_group": "",
            "placement_partition_number": null,
            "primary_network_interface_id": "eni-017bf101a6ffae1fb",
            "private_dns": "ip-10-0-4-37.ap-northeast-2.compute.internal",
            "private_ip": "10.0.4.37",
            "public_dns": "ec2-3-36-67-68.ap-northeast-2.compute.amazonaws.com",
            "public_ip": "3.36.67.68",
            "root_block_device": [
              {
                "delete_on_termination": true,
                "device_name": "/dev/xvda",
                "encrypted": false,
                "iops": 0,
                "kms_key_id": "",
                "tags": {},
                "throughput": 0,
                "volume_id": "vol-02b6c5d98e6fe7dc9",
                "volume_size": 8,
                "volume_type": "standard"
              }
            ],
            "secondary_private_ips": [],
            "security_groups": [],
            "source_dest_check": false,
            "subnet_id": "subnet-04cee4b8a8c7c2661",
            "tags": {},
            "tags_all": {},
            "tenancy": "default",
            "timeouts": null,
            "user_data": null,
            "user_data_base64": null,
            "volume_tags": null,
            "vpc_security_group_ids": [
              "sg-079d222279b403f52"
            ]
          },
          "sensitive_attributes": [],
          "private": "eyJlMmJmYjczMC1lY2FhLTExZTYtOGY4OC0zNDM2M2JjN2M0YzAiOnsiY3JlYXRlIjo2MDAwMDAwMDAwMDAsImRlbGV0ZSI6MTIwMDAwMDAwMDAwMCwidXBkYXRlIjo2MDAwMDAwMDAwMDB9LCJzY2hlbWFfdmVyc2lvbiI6IjEifQ==",
          "dependencies": [
            "aws_security_group.eks_sg",
            "aws_subnet.pub",
            "aws_vpc.dev-vpc",
            "data.http.myip"
          ]
        }
      ]
    },
    {
      "mode": "managed",
      "type": "aws_internet_gateway",
      "name": "dev-gw",
      "provider": "provider[\"registry.terraform.io/hashicorp/aws\"]",
      "instances": [
        {
          "schema_version": 0,
          "attributes": {
            "arn": "arn:aws:ec2:ap-northeast-2:494307375889:internet-gateway/igw-09d51b7a355ae7f8e",
            "id": "igw-09d51b7a355ae7f8e",
            "owner_id": "494307375889",
            "tags": {
              "Name": "terraform-dev-gw"
            },
            "tags_all": {
              "Name": "terraform-dev-gw"
            },
            "vpc_id": "vpc-0f753fa8673263bbb"
          },
          "sensitive_attributes": [],
          "private": "bnVsbA==",
          "dependencies": [
            "aws_vpc.dev-vpc"
          ]
        }
      ]
    },
    {
      "mode": "managed",
      "type": "aws_key_pair",
      "name": "dev_pub",
      "provider": "provider[\"registry.terraform.io/hashicorp/aws\"]",
      "instances": [
        {
          "schema_version": 1,
          "attributes": {
            "arn": "arn:aws:ec2:ap-northeast-2:494307375889:key-pair/dev_pub",
            "fingerprint": "b1:e5:1e:b5:f1:9f:60:61:f2:dd:3f:cf:60:7a:e4:2d",
            "id": "dev_pub",
            "key_name": "dev_pub",
            "key_name_prefix": "",
            "key_pair_id": "key-08d3958d334b6e32c",
            "public_key": "ssh-rsa AAAAB3NzaC1yc2EAAAADAQABAAABgQC899omIfG71qIt6BRAGD/lPuaFB8gnbEC7EzJBxTf6noBGjXtmwtKvzZmos3ONJL3tj1g9VNpdi5YID8NYMLgYloNVxIZKOkacDi5JqiyQPHmuscUVcB4NZJtLSWlHlIiNwS17S/uoZa0mizRSPnIB0qeOGykdartxpgY0/ig9tffl7KEngjk7aoPNlbNRSnTdRLu+6i8dNkiaQydbj+4H1IhvLAheqSrpF9DWqUj6q1w4jDmXLqffdyvDYX0xdBOZVvTxOw+HswcV5dNt43RKjt/2xWJejEwX9tk2/F9aj8d4Z+m/4kLqXFx2i9af1M7LzV+EWZZFC0A1+gAaLwtmWvXKEfh7MtDW6dQoSevwc1Zl+IutFmKGmzuCFA4KluoBs7/iSDScIKY0r5PA27QmzhrCyijDZPaGp7xiCddPSR1DQc7U1unuX0ZGNX9swkGJi073084hzGM8Vn7NWBw0qeVxG2Cv3jh70HtcGdsHTY1NASN4vtrPRBszPBJMLd8= oyj@homeoyj",
            "tags": {},
            "tags_all": {}
          },
          "sensitive_attributes": [],
          "private": "eyJzY2hlbWFfdmVyc2lvbiI6IjEifQ=="
        }
      ]
    },
    {
      "mode": "managed",
      "type": "aws_route_table",
      "name": "dev-nat-rt",
      "provider": "provider[\"registry.terraform.io/hashicorp/aws\"]",
      "instances": [
        {
          "schema_version": 0,
          "attributes": {
            "arn": "arn:aws:ec2:ap-northeast-2:494307375889:route-table/rtb-02d5f41de6d9e94f1",
            "id": "rtb-02d5f41de6d9e94f1",
            "owner_id": "494307375889",
            "propagating_vgws": [],
            "route": [
              {
                "carrier_gateway_id": "",
                "cidr_block": "0.0.0.0/0",
                "destination_prefix_list_id": "",
                "egress_only_gateway_id": "",
                "gateway_id": "",
                "instance_id": "i-079f9ebf7ba5dddd2",
                "ipv6_cidr_block": "",
                "local_gateway_id": "",
                "nat_gateway_id": "",
                "network_interface_id": "eni-017bf101a6ffae1fb",
                "transit_gateway_id": "",
                "vpc_endpoint_id": "",
                "vpc_peering_connection_id": ""
              }
            ],
            "tags": {},
            "tags_all": {},
            "timeouts": null,
            "vpc_id": "vpc-0f753fa8673263bbb"
          },
          "sensitive_attributes": [],
          "private": "eyJlMmJmYjczMC1lY2FhLTExZTYtOGY4OC0zNDM2M2JjN2M0YzAiOnsiY3JlYXRlIjozMDAwMDAwMDAwMDAsImRlbGV0ZSI6MzAwMDAwMDAwMDAwLCJ1cGRhdGUiOjEyMDAwMDAwMDAwMH19",
          "dependencies": [
            "aws_instance.nat",
            "aws_security_group.eks_sg",
            "aws_subnet.pub",
            "aws_vpc.dev-vpc",
            "data.http.myip"
          ]
        }
      ]
    },
    {
      "mode": "managed",
      "type": "aws_route_table",
      "name": "internet-gw-route",
      "provider": "provider[\"registry.terraform.io/hashicorp/aws\"]",
      "instances": [
        {
          "schema_version": 0,
          "attributes": {
            "arn": "arn:aws:ec2:ap-northeast-2:494307375889:route-table/rtb-0da6e1a69b014bed0",
            "id": "rtb-0da6e1a69b014bed0",
            "owner_id": "494307375889",
            "propagating_vgws": [],
            "route": [
              {
                "carrier_gateway_id": "",
                "cidr_block": "0.0.0.0/0",
                "destination_prefix_list_id": "",
                "egress_only_gateway_id": "",
                "gateway_id": "igw-09d51b7a355ae7f8e",
                "instance_id": "",
                "ipv6_cidr_block": "",
                "local_gateway_id": "",
                "nat_gateway_id": "",
                "network_interface_id": "",
                "transit_gateway_id": "",
                "vpc_endpoint_id": "",
                "vpc_peering_connection_id": ""
              }
            ],
            "tags": {
              "Name": "dev-gw-route-table"
            },
            "tags_all": {
              "Name": "dev-gw-route-table"
            },
            "timeouts": null,
            "vpc_id": "vpc-0f753fa8673263bbb"
          },
          "sensitive_attributes": [],
          "private": "eyJlMmJmYjczMC1lY2FhLTExZTYtOGY4OC0zNDM2M2JjN2M0YzAiOnsiY3JlYXRlIjozMDAwMDAwMDAwMDAsImRlbGV0ZSI6MzAwMDAwMDAwMDAwLCJ1cGRhdGUiOjEyMDAwMDAwMDAwMH19",
          "dependencies": [
            "aws_internet_gateway.dev-gw",
            "aws_vpc.dev-vpc"
          ]
        }
      ]
    },
    {
      "mode": "managed",
      "type": "aws_route_table_association",
      "name": "tst-eks-rt-association1",
      "provider": "provider[\"registry.terraform.io/hashicorp/aws\"]",
      "instances": [
        {
          "schema_version": 0,
          "attributes": {
            "gateway_id": "",
            "id": "rtbassoc-0667f3803d7f9efd9",
            "route_table_id": "rtb-02d5f41de6d9e94f1",
            "subnet_id": "subnet-078072e650b133ea2"
          },
          "sensitive_attributes": [],
          "private": "bnVsbA==",
          "dependencies": [
            "aws_instance.nat",
            "aws_route_table.dev-nat-rt",
            "aws_security_group.eks_sg",
            "aws_subnet.pub",
            "aws_subnet.tst-eks1",
            "aws_vpc.dev-vpc",
            "data.http.myip"
          ]
        }
      ]
    },
    {
      "mode": "managed",
      "type": "aws_route_table_association",
      "name": "tst-eks-rt-association2",
      "provider": "provider[\"registry.terraform.io/hashicorp/aws\"]",
      "instances": [
        {
          "schema_version": 0,
          "attributes": {
            "gateway_id": "",
            "id": "rtbassoc-08bfe311847de9055",
            "route_table_id": "rtb-02d5f41de6d9e94f1",
            "subnet_id": "subnet-0d5624839448478b5"
          },
          "sensitive_attributes": [],
          "private": "bnVsbA==",
          "dependencies": [
            "aws_instance.nat",
            "aws_route_table.dev-nat-rt",
            "aws_security_group.eks_sg",
            "aws_subnet.pub",
            "aws_subnet.tst-eks2",
            "aws_vpc.dev-vpc",
            "data.http.myip"
          ]
        }
      ]
    },
    {
      "mode": "managed",
      "type": "aws_security_group",
      "name": "eks-efs-sg",
      "provider": "provider[\"registry.terraform.io/hashicorp/aws\"]",
      "instances": [
        {
          "schema_version": 1,
          "attributes": {
            "arn": "arn:aws:ec2:ap-northeast-2:494307375889:security-group/sg-0ca5534cbc153c81f",
            "description": "Allos inbound efs traffic from ec2(eks-node-grp)",
            "egress": [
              {
                "cidr_blocks": [],
                "description": "",
                "from_port": 0,
                "ipv6_cidr_blocks": [],
                "prefix_list_ids": [],
                "protocol": "-1",
                "security_groups": [
                  "sg-079d222279b403f52"
                ],
                "self": false,
                "to_port": 0
              }
            ],
            "id": "sg-0ca5534cbc153c81f",
            "ingress": [
              {
                "cidr_blocks": [],
                "description": "",
                "from_port": 2049,
                "ipv6_cidr_blocks": [],
                "prefix_list_ids": [],
                "protocol": "tcp",
                "security_groups": [
                  "sg-079d222279b403f52"
                ],
                "self": false,
                "to_port": 2049
              }
            ],
            "name": "eks-efs-sg",
            "name_prefix": "",
            "owner_id": "494307375889",
            "revoke_rules_on_delete": false,
            "tags": {},
            "tags_all": {},
            "timeouts": null,
            "vpc_id": "vpc-0f753fa8673263bbb"
          },
          "sensitive_attributes": [],
          "private": "eyJlMmJmYjczMC1lY2FhLTExZTYtOGY4OC0zNDM2M2JjN2M0YzAiOnsiY3JlYXRlIjo2MDAwMDAwMDAwMDAsImRlbGV0ZSI6OTAwMDAwMDAwMDAwfSwic2NoZW1hX3ZlcnNpb24iOiIxIn0=",
          "dependencies": [
            "aws_security_group.eks_sg",
            "aws_vpc.dev-vpc",
            "data.http.myip"
          ]
        }
      ]
    },
    {
      "mode": "managed",
      "type": "aws_security_group",
      "name": "eks_node_sg",
      "provider": "provider[\"registry.terraform.io/hashicorp/aws\"]",
      "instances": [
        {
          "schema_version": 1,
          "attributes": {
            "arn": "arn:aws:ec2:ap-northeast-2:494307375889:security-group/sg-0e1133adee5f06358",
            "description": "sg group all worker node craete using aws_eks_node_group instance",
            "egress": [],
            "id": "sg-0e1133adee5f06358",
            "ingress": [
              {
                "cidr_blocks": [
                  "10.0.4.0/24"
                ],
                "description": "",
                "from_port": 22,
                "ipv6_cidr_blocks": [],
                "prefix_list_ids": [],
                "protocol": "tcp",
                "security_groups": [],
                "self": true,
                "to_port": 22
              }
            ],
            "name": "eks_node_sg",
            "name_prefix": "",
            "owner_id": "494307375889",
            "revoke_rules_on_delete": false,
            "tags": {},
            "tags_all": {},
            "timeouts": null,
            "vpc_id": "vpc-0f753fa8673263bbb"
          },
          "sensitive_attributes": [],
          "private": "eyJlMmJmYjczMC1lY2FhLTExZTYtOGY4OC0zNDM2M2JjN2M0YzAiOnsiY3JlYXRlIjo2MDAwMDAwMDAwMDAsImRlbGV0ZSI6OTAwMDAwMDAwMDAwfSwic2NoZW1hX3ZlcnNpb24iOiIxIn0=",
          "dependencies": [
            "aws_vpc.dev-vpc"
          ]
        }
      ]
    },
    {
      "mode": "managed",
      "type": "aws_security_group",
      "name": "eks_sg",
      "provider": "provider[\"registry.terraform.io/hashicorp/aws\"]",
      "instances": [
        {
          "schema_version": 1,
          "attributes": {
            "arn": "arn:aws:ec2:ap-northeast-2:494307375889:security-group/sg-079d222279b403f52",
            "description": "Security group for all worker nodes in pub 1 sbnet",
            "egress": [
              {
                "cidr_blocks": [
                  "0.0.0.0/0"
                ],
                "description": "",
                "from_port": 443,
                "ipv6_cidr_blocks": [],
                "prefix_list_ids": [],
                "protocol": "tcp",
                "security_groups": [],
                "self": true,
                "to_port": 443
              },
              {
                "cidr_blocks": [
                  "0.0.0.0/0"
                ],
                "description": "",
                "from_port": 80,
                "ipv6_cidr_blocks": [],
                "prefix_list_ids": [],
                "protocol": "tcp",
                "security_groups": [],
                "self": true,
                "to_port": 80
              },
              {
                "cidr_blocks": [
                  "10.0.0.0/16"
                ],
                "description": "",
                "from_port": 22,
                "ipv6_cidr_blocks": [],
                "prefix_list_ids": [],
                "protocol": "tcp",
                "security_groups": [],
                "self": false,
                "to_port": 22
              },
              {
                "cidr_blocks": [],
                "description": "",
                "from_port": 3306,
                "ipv6_cidr_blocks": [],
                "prefix_list_ids": [],
                "protocol": "tcp",
                "security_groups": [],
                "self": true,
                "to_port": 3306
              }
            ],
            "id": "sg-079d222279b403f52",
            "ingress": [
              {
                "cidr_blocks": [
                  "10.0.0.0/16"
                ],
                "description": "",
                "from_port": 443,
                "ipv6_cidr_blocks": [],
                "prefix_list_ids": [],
                "protocol": "tcp",
                "security_groups": [],
                "self": true,
                "to_port": 443
              },
              {
                "cidr_blocks": [
                  "210.179.21.212/32"
                ],
                "description": "",
                "from_port": 22,
                "ipv6_cidr_blocks": [],
                "prefix_list_ids": [],
                "protocol": "tcp",
                "security_groups": [],
                "self": true,
                "to_port": 22
              },
              {
                "cidr_blocks": [
                  "210.179.21.212/32"
                ],
                "description": "",
                "from_port": 8080,
                "ipv6_cidr_blocks": [],
                "prefix_list_ids": [],
                "protocol": "tcp",
                "security_groups": [],
                "self": true,
                "to_port": 8080
              },
              {
                "cidr_blocks": [
                  "210.179.21.212/32"
                ],
                "description": "",
                "from_port": 80,
                "ipv6_cidr_blocks": [],
                "prefix_list_ids": [],
                "protocol": "tcp",
                "security_groups": [],
                "self": true,
                "to_port": 80
              }
            ],
            "name": "terraform_dev_pub_sg",
            "name_prefix": "",
            "owner_id": "494307375889",
            "revoke_rules_on_delete": false,
            "tags": {
              "Name": "terraform-dev-pub-node"
            },
            "tags_all": {
              "Name": "terraform-dev-pub-node"
            },
            "timeouts": null,
            "vpc_id": "vpc-0f753fa8673263bbb"
          },
          "sensitive_attributes": [],
          "private": "eyJlMmJmYjczMC1lY2FhLTExZTYtOGY4OC0zNDM2M2JjN2M0YzAiOnsiY3JlYXRlIjo2MDAwMDAwMDAwMDAsImRlbGV0ZSI6OTAwMDAwMDAwMDAwfSwic2NoZW1hX3ZlcnNpb24iOiIxIn0=",
          "dependencies": [
            "aws_vpc.dev-vpc",
            "data.http.myip"
          ]
        }
      ]
    },
    {
      "mode": "managed",
      "type": "aws_subnet",
      "name": "pub",
      "provider": "provider[\"registry.terraform.io/hashicorp/aws\"]",
      "instances": [
        {
          "schema_version": 1,
          "attributes": {
            "arn": "arn:aws:ec2:ap-northeast-2:494307375889:subnet/subnet-04cee4b8a8c7c2661",
            "assign_ipv6_address_on_creation": false,
            "availability_zone": "ap-northeast-2a",
            "availability_zone_id": "apne2-az1",
            "cidr_block": "10.0.4.0/24",
            "customer_owned_ipv4_pool": "",
            "enable_dns64": false,
            "enable_resource_name_dns_a_record_on_launch": false,
            "enable_resource_name_dns_aaaa_record_on_launch": false,
            "id": "subnet-04cee4b8a8c7c2661",
            "ipv6_cidr_block": "",
            "ipv6_cidr_block_association_id": "",
            "ipv6_native": false,
            "map_customer_owned_ip_on_launch": false,
            "map_public_ip_on_launch": true,
            "outpost_arn": "",
            "owner_id": "494307375889",
            "private_dns_hostname_type_on_launch": "ip-name",
            "tags": {
              "Name": "terraform-dev-eks-subnet-pub"
            },
            "tags_all": {
              "Name": "terraform-dev-eks-subnet-pub"
            },
            "timeouts": null,
            "vpc_id": "vpc-0f753fa8673263bbb"
          },
          "sensitive_attributes": [],
          "private": "eyJlMmJmYjczMC1lY2FhLTExZTYtOGY4OC0zNDM2M2JjN2M0YzAiOnsiY3JlYXRlIjo2MDAwMDAwMDAwMDAsImRlbGV0ZSI6MTIwMDAwMDAwMDAwMH0sInNjaGVtYV92ZXJzaW9uIjoiMSJ9",
          "dependencies": [
            "aws_vpc.dev-vpc"
          ]
        }
      ]
    },
    {
      "mode": "managed",
      "type": "aws_subnet",
      "name": "tst-eks1",
      "provider": "provider[\"registry.terraform.io/hashicorp/aws\"]",
      "instances": [
        {
          "schema_version": 1,
          "attributes": {
            "arn": "arn:aws:ec2:ap-northeast-2:494307375889:subnet/subnet-078072e650b133ea2",
            "assign_ipv6_address_on_creation": false,
            "availability_zone": "ap-northeast-2a",
            "availability_zone_id": "apne2-az1",
            "cidr_block": "10.0.2.0/24",
            "customer_owned_ipv4_pool": "",
            "enable_dns64": false,
            "enable_resource_name_dns_a_record_on_launch": false,
            "enable_resource_name_dns_aaaa_record_on_launch": false,
            "id": "subnet-078072e650b133ea2",
            "ipv6_cidr_block": "",
            "ipv6_cidr_block_association_id": "",
            "ipv6_native": false,
            "map_customer_owned_ip_on_launch": false,
            "map_public_ip_on_launch": false,
            "outpost_arn": "",
            "owner_id": "494307375889",
            "private_dns_hostname_type_on_launch": "ip-name",
            "tags": {
              "Name": "terraform-dev-eks-subnet-pri1",
              "kubernetes.io/cluster/tst-eks": "owned",
              "kubernetes.io/role/elb": "1"
            },
            "tags_all": {
              "Name": "terraform-dev-eks-subnet-pri1",
              "kubernetes.io/cluster/tst-eks": "owned",
              "kubernetes.io/role/elb": "1"
            },
            "timeouts": null,
            "vpc_id": "vpc-0f753fa8673263bbb"
          },
          "sensitive_attributes": [],
          "private": "eyJlMmJmYjczMC1lY2FhLTExZTYtOGY4OC0zNDM2M2JjN2M0YzAiOnsiY3JlYXRlIjo2MDAwMDAwMDAwMDAsImRlbGV0ZSI6MTIwMDAwMDAwMDAwMH0sInNjaGVtYV92ZXJzaW9uIjoiMSJ9",
          "dependencies": [
            "aws_vpc.dev-vpc"
          ]
        }
      ]
    },
    {
      "mode": "managed",
      "type": "aws_subnet",
      "name": "tst-eks2",
      "provider": "provider[\"registry.terraform.io/hashicorp/aws\"]",
      "instances": [
        {
          "schema_version": 1,
          "attributes": {
            "arn": "arn:aws:ec2:ap-northeast-2:494307375889:subnet/subnet-0d5624839448478b5",
            "assign_ipv6_address_on_creation": false,
            "availability_zone": "ap-northeast-2c",
            "availability_zone_id": "apne2-az3",
            "cidr_block": "10.0.3.0/24",
            "customer_owned_ipv4_pool": "",
            "enable_dns64": false,
            "enable_resource_name_dns_a_record_on_launch": false,
            "enable_resource_name_dns_aaaa_record_on_launch": false,
            "id": "subnet-0d5624839448478b5",
            "ipv6_cidr_block": "",
            "ipv6_cidr_block_association_id": "",
            "ipv6_native": false,
            "map_customer_owned_ip_on_launch": false,
            "map_public_ip_on_launch": false,
            "outpost_arn": "",
            "owner_id": "494307375889",
            "private_dns_hostname_type_on_launch": "ip-name",
            "tags": {
              "Name": "terraform-dev-eks-subnet-pri2",
              "kubernetes.io/cluster/tst-eks": "owned",
              "kubernetes.io/role/elb": "1"
            },
            "tags_all": {
              "Name": "terraform-dev-eks-subnet-pri2",
              "kubernetes.io/cluster/tst-eks": "owned",
              "kubernetes.io/role/elb": "1"
            },
            "timeouts": null,
            "vpc_id": "vpc-0f753fa8673263bbb"
          },
          "sensitive_attributes": [],
          "private": "eyJlMmJmYjczMC1lY2FhLTExZTYtOGY4OC0zNDM2M2JjN2M0YzAiOnsiY3JlYXRlIjo2MDAwMDAwMDAwMDAsImRlbGV0ZSI6MTIwMDAwMDAwMDAwMH0sInNjaGVtYV92ZXJzaW9uIjoiMSJ9",
          "dependencies": [
            "aws_vpc.dev-vpc"
          ]
        }
      ]
    },
    {
      "mode": "managed",
      "type": "aws_vpc",
      "name": "dev-vpc",
      "provider": "provider[\"registry.terraform.io/hashicorp/aws\"]",
      "instances": [
        {
          "schema_version": 1,
          "attributes": {
            "arn": "arn:aws:ec2:ap-northeast-2:494307375889:vpc/vpc-0f753fa8673263bbb",
            "assign_generated_ipv6_cidr_block": false,
            "cidr_block": "10.0.0.0/16",
            "default_network_acl_id": "acl-006d9130dc68b5b38",
            "default_route_table_id": "rtb-04de826def3de6e72",
            "default_security_group_id": "sg-064171b27c1cbd051",
            "dhcp_options_id": "dopt-d59c24be",
            "enable_classiclink": false,
            "enable_classiclink_dns_support": false,
            "enable_dns_hostnames": true,
            "enable_dns_support": true,
            "id": "vpc-0f753fa8673263bbb",
            "instance_tenancy": "default",
            "ipv4_ipam_pool_id": null,
            "ipv4_netmask_length": null,
            "ipv6_association_id": "",
            "ipv6_cidr_block": "",
            "ipv6_cidr_block_network_border_group": "",
            "ipv6_ipam_pool_id": "",
            "ipv6_netmask_length": 0,
            "main_route_table_id": "rtb-04de826def3de6e72",
            "owner_id": "494307375889",
            "tags": {
              "Name": "terraform-dev-node",
              "kubernetes.io/cluster/{var.cluster-name}": "owned"
            },
            "tags_all": {
              "Name": "terraform-dev-node",
              "kubernetes.io/cluster/{var.cluster-name}": "owned"
            }
          },
          "sensitive_attributes": [],
          "private": "eyJzY2hlbWFfdmVyc2lvbiI6IjEifQ=="
        }
      ]
    },
    {
      "mode": "managed",
      "type": "null_resource",
      "name": "alb-yml-execute",
      "provider": "provider[\"registry.terraform.io/hashicorp/null\"]",
      "instances": [
        {
          "schema_version": 0,
          "attributes": {
            "id": "6006931446803053808",
            "triggers": null
          },
          "sensitive_attributes": [],
          "dependencies": [
            "aws_cloudwatch_log_group.tst-eks",
            "aws_eks_cluster.tst-eks",
            "aws_eks_node_group.tst-eks-node-grp",
            "aws_iam_openid_connect_provider.tst-eks",
            "aws_iam_policy.alb-role-policy",
            "aws_iam_role.alb-role",
            "aws_iam_role.tst-eks",
            "aws_iam_role.tst-eks-iam-for-node",
            "aws_iam_role_policy_attachment.attchAmazonalbPolicy",
            "aws_iam_role_policy_attachment.tst-eks-AmazonEKSClusterPolicy",
            "aws_iam_role_policy_attachment.tst-eks-AmazonEKSVPCResourceController",
            "aws_iam_role_policy_attachment.tst-eks-iam-for-node-AmazonEC2ContainerRegistryReadOnly",
            "aws_iam_role_policy_attachment.tst-eks-iam-for-node-AmazonEKSWorkerNodePolicy",
            "aws_iam_role_policy_attachment.tst-eks-iam-for-node-AmazonEKS_CNI_Policy",
            "aws_security_group.eks_node_sg",
            "aws_security_group.eks_sg",
            "aws_subnet.tst-eks1",
            "aws_subnet.tst-eks2",
            "aws_vpc.dev-vpc",
            "data.http.myip",
            "data.tls_certificate.tst-eks"
          ]
        }
      ]
    },
    {
      "mode": "managed",
      "type": "null_resource",
      "name": "apply-cert-manager",
      "provider": "provider[\"registry.terraform.io/hashicorp/null\"]",
      "instances": [
        {
          "schema_version": 0,
          "attributes": {
            "id": "2143632788032140449",
            "triggers": {
              "always_run": "2023-01-25T02:22:58Z"
            }
          },
          "sensitive_attributes": [],
          "dependencies": [
            "aws_cloudwatch_log_group.tst-eks",
            "aws_eks_cluster.tst-eks",
            "aws_eks_node_group.tst-eks-node-grp",
            "aws_iam_openid_connect_provider.tst-eks",
            "aws_iam_policy.alb-role-policy",
            "aws_iam_role.alb-role",
            "aws_iam_role.tst-eks",
            "aws_iam_role.tst-eks-iam-for-node",
            "aws_iam_role_policy_attachment.attchAmazonalbPolicy",
            "aws_iam_role_policy_attachment.tst-eks-AmazonEKSClusterPolicy",
            "aws_iam_role_policy_attachment.tst-eks-AmazonEKSVPCResourceController",
            "aws_iam_role_policy_attachment.tst-eks-iam-for-node-AmazonEC2ContainerRegistryReadOnly",
            "aws_iam_role_policy_attachment.tst-eks-iam-for-node-AmazonEKSWorkerNodePolicy",
            "aws_iam_role_policy_attachment.tst-eks-iam-for-node-AmazonEKS_CNI_Policy",
            "aws_security_group.eks_node_sg",
            "aws_security_group.eks_sg",
            "aws_subnet.tst-eks1",
            "aws_subnet.tst-eks2",
            "aws_vpc.dev-vpc",
            "data.http.myip",
            "data.tls_certificate.tst-eks",
            "null_resource.crt-sa",
            "null_resource.crt-sa-account"
          ]
        }
      ]
    },
    {
      "mode": "managed",
      "type": "null_resource",
      "name": "crt-sa",
      "provider": "provider[\"registry.terraform.io/hashicorp/null\"]",
      "instances": [
        {
          "schema_version": 0,
          "attributes": {
            "id": "3221692621617673635",
            "triggers": {
              "always_run": "2023-01-25T02:22:57Z"
            }
          },
          "sensitive_attributes": [],
          "dependencies": [
            "aws_cloudwatch_log_group.tst-eks",
            "aws_eks_cluster.tst-eks",
            "aws_eks_node_group.tst-eks-node-grp",
            "aws_iam_openid_connect_provider.tst-eks",
            "aws_iam_policy.alb-role-policy",
            "aws_iam_role.alb-role",
            "aws_iam_role.tst-eks",
            "aws_iam_role.tst-eks-iam-for-node",
            "aws_iam_role_policy_attachment.attchAmazonalbPolicy",
            "aws_iam_role_policy_attachment.tst-eks-AmazonEKSClusterPolicy",
            "aws_iam_role_policy_attachment.tst-eks-AmazonEKSVPCResourceController",
            "aws_iam_role_policy_attachment.tst-eks-iam-for-node-AmazonEC2ContainerRegistryReadOnly",
            "aws_iam_role_policy_attachment.tst-eks-iam-for-node-AmazonEKSWorkerNodePolicy",
            "aws_iam_role_policy_attachment.tst-eks-iam-for-node-AmazonEKS_CNI_Policy",
            "aws_security_group.eks_node_sg",
            "aws_security_group.eks_sg",
            "aws_subnet.tst-eks1",
            "aws_subnet.tst-eks2",
            "aws_vpc.dev-vpc",
            "data.http.myip",
            "data.tls_certificate.tst-eks"
          ]
        }
      ]
    },
    {
      "mode": "managed",
      "type": "null_resource",
      "name": "crt-sa-account",
      "provider": "provider[\"registry.terraform.io/hashicorp/null\"]",
      "instances": [
        {
          "schema_version": 0,
          "attributes": {
            "id": "3330041667923240927",
            "triggers": {
              "always_run": "2023-01-25T02:22:58Z"
            }
          },
          "sensitive_attributes": [],
          "dependencies": [
            "aws_cloudwatch_log_group.tst-eks",
            "aws_eks_cluster.tst-eks",
            "aws_eks_node_group.tst-eks-node-grp",
            "aws_iam_openid_connect_provider.tst-eks",
            "aws_iam_policy.alb-role-policy",
            "aws_iam_role.alb-role",
            "aws_iam_role.tst-eks",
            "aws_iam_role.tst-eks-iam-for-node",
            "aws_iam_role_policy_attachment.attchAmazonalbPolicy",
            "aws_iam_role_policy_attachment.tst-eks-AmazonEKSClusterPolicy",
            "aws_iam_role_policy_attachment.tst-eks-AmazonEKSVPCResourceController",
            "aws_iam_role_policy_attachment.tst-eks-iam-for-node-AmazonEC2ContainerRegistryReadOnly",
            "aws_iam_role_policy_attachment.tst-eks-iam-for-node-AmazonEKSWorkerNodePolicy",
            "aws_iam_role_policy_attachment.tst-eks-iam-for-node-AmazonEKS_CNI_Policy",
            "aws_security_group.eks_node_sg",
            "aws_security_group.eks_sg",
            "aws_subnet.tst-eks1",
            "aws_subnet.tst-eks2",
            "aws_vpc.dev-vpc",
            "data.http.myip",
            "data.tls_certificate.tst-eks",
            "null_resource.crt-sa"
          ]
        }
      ]
    }
  ],
  "check_results": null
}
